
Microsoft Visual Studio Solution File, Format Version 12.00
# Visual Studio 14
VisualStudioVersion = 14.0.25420.1
MinimumVisualStudioVersion = 10.0.40219.1
Project("{2150E333-8FDC-42A3-9474-1A3956D46DE8}") = "Core", "Core", "{326F0792-00AF-4D82-B170-4CE248D4A975}"
EndProject
Project("{FAE04EC0-301F-11D3-BF4B-00C04F79EFBC}") = "Elsa.Core.Entities", "Elsa.Core.Entities.Commerce\Elsa.Core.Entities.csproj", "{91481B08-E437-474D-9793-A135F1DB465C}"
EndProject
Project("{2150E333-8FDC-42A3-9474-1A3956D46DE8}") = "Test", "Test", "{56FB2203-E4D8-428D-938B-7251897BE1D0}"
EndProject
Project("{FAE04EC0-301F-11D3-BF4B-00C04F79EFBC}") = "ConsoleApplication1", "ConsoleApplication1\ConsoleApplication1.csproj", "{957A9B48-FEFD-4874-8D36-D082EEA7F750}"
EndProject
Project("{2150E333-8FDC-42A3-9474-1A3956D46DE8}") = "Presentation", "Presentation", "{C66BF91A-FD6A-4F8E-BAF1-B8E7040D4B1F}"
EndProject
Project("{FAE04EC0-301F-11D3-BF4B-00C04F79EFBC}") = "Elsa.Portal", "Elsa.Portal\Elsa.Portal.csproj", "{D4DEADFC-53EA-4477-8798-DA625A98285B}"
EndProject
Project("{2150E333-8FDC-42A3-9474-1A3956D46DE8}") = "Libraries", "Libraries", "{9A3EA0C7-2DD3-4A32-ADED-527F45DC0526}"
EndProject
Project("{2150E333-8FDC-42A3-9474-1A3956D46DE8}") = "Robowire", "Robowire", "{CE99B536-50DF-4CC8-A61A-6BE5F525E809}"
EndProject
Project("{FAE04EC0-301F-11D3-BF4B-00C04F79EFBC}") = "CodeGeneration", "..\Robowire\Robowire\CodeGeneration\CodeGeneration.csproj", "{8D5FB7D2-8960-4BF7-938E-2EC9584BDEC5}"
EndProject
Project("{FAE04EC0-301F-11D3-BF4B-00C04F79EFBC}") = "Robowire.Common.Expressions", "..\Robowire\Robowire\Robowire.Common.Expressions\Robowire.Common.Expressions.csproj", "{E9AEACB2-D6E8-4F61-AF63-3578F9831594}"
EndProject
Project("{FAE04EC0-301F-11D3-BF4B-00C04F79EFBC}") = "Robowire.RoboApi", "..\Robowire\Robowire\Robowire.RoboApi\Robowire.RoboApi.csproj", "{895E4A3C-99D4-4E2E-872C-7479140D0CF5}"
EndProject
Project("{FAE04EC0-301F-11D3-BF4B-00C04F79EFBC}") = "Robowire.RobOrm.Core", "..\Robowire\Robowire\Robowire.RobOrm.Core\Robowire.RobOrm.Core.csproj", "{FF79ECB2-9A11-45BA-BE08-E6D4471E7A0F}"
EndProject
Project("{FAE04EC0-301F-11D3-BF4B-00C04F79EFBC}") = "Robowire.RobOrm.SqlServer", "..\Robowire\Robowire\Robowire.RobOrm.SqlServer\Robowire.RobOrm.SqlServer.csproj", "{F2986071-08CD-42DE-98FA-57E6FCE729C5}"
EndProject
Project("{2150E333-8FDC-42A3-9474-1A3956D46DE8}") = "Lanta", "Lanta", "{F6D3760D-81CA-4526-9232-BD9FF5237E35}"
EndProject
Project("{FAE04EC0-301F-11D3-BF4B-00C04F79EFBC}") = "Lanta", "..\Lanta\Lanta\Lanta\Lanta.csproj", "{E68CF298-B028-4722-BE2D-C7DE3512A01D}"
EndProject
Project("{FAE04EC0-301F-11D3-BF4B-00C04F79EFBC}") = "Robowire", "..\Robowire\Robowire\RobowireCore\Robowire.csproj", "{1EDCBAB3-DA52-40B1-998B-88F878FF2875}"
EndProject
Project("{2150E333-8FDC-42A3-9474-1A3956D46DE8}") = "WebApps", "WebApps", "{456527A3-2BE8-4010-8AC6-187539CE484D}"
EndProject
Project("{FAE04EC0-301F-11D3-BF4B-00C04F79EFBC}") = "Elsa.App.Profile", "Elsa.App.Profile\Elsa.App.Profile.csproj", "{09E35860-D69E-42A0-AABD-A7431F283C97}"
EndProject
Project("{FAE04EC0-301F-11D3-BF4B-00C04F79EFBC}") = "Elsa.Common", "Elsa.Common\Elsa.Common.csproj", "{D4607E8C-A5D2-423A-8C78-56B188C567ED}"
EndProject
Project("{FAE04EC0-301F-11D3-BF4B-00C04F79EFBC}") = "Elsa.Users", "Elsa.Users\Elsa.Users.csproj", "{A9148D58-0F0E-43E7-8A11-A9F9BB04333C}"
EndProject
Project("{2150E333-8FDC-42A3-9474-1A3956D46DE8}") = "Commerce", "Commerce", "{17CFFCB7-A83F-405D-969E-CC1396850E26}"
EndProject
Project("{FAE04EC0-301F-11D3-BF4B-00C04F79EFBC}") = "Elsa.Commerce.Core", "Elsa.Commerce.Core\Elsa.Commerce.Core.csproj", "{61DD96B7-BF13-4C48-9353-08F2F907048E}"
EndProject
Project("{2150E333-8FDC-42A3-9474-1A3956D46DE8}") = "Integration", "Integration", "{A188EE1B-B81C-4698-B872-CB072E73525D}"
EndProject
Project("{2150E333-8FDC-42A3-9474-1A3956D46DE8}") = "Erp", "Erp", "{3386EF17-A701-407B-8643-62F6BCEA5A88}"
EndProject
Project("{FAE04EC0-301F-11D3-BF4B-00C04F79EFBC}") = "Elsa.Integration.Erp.Flox", "Elsa.Integration.Erp.Flox\Elsa.Integration.Erp.Flox.csproj", "{DC38D50D-1F5F-44C8-A273-6C57CF26974C}"
EndProject
Project("{2150E333-8FDC-42A3-9474-1A3956D46DE8}") = "Jobs", "Jobs", "{2E1A0EFD-CAFD-4EA0-B91F-0F3A81EBD94E}"
EndProject
Project("{FAE04EC0-301F-11D3-BF4B-00C04F79EFBC}") = "Elsa.Jobs.Common", "Elsa.Jobs.Common\Elsa.Jobs.Common.csproj", "{5EF07762-137B-4BF7-8199-5961768FCAEC}"
EndProject
Project("{FAE04EC0-301F-11D3-BF4B-00C04F79EFBC}") = "Elsa.Jobs.ImportOrders", "Elsa.Jobs.ImportOrders\Elsa.Jobs.ImportOrders.csproj", "{DAC5B9D4-F7A0-49C5-A4BD-45AFE0E7C6C1}"
EndProject
Project("{FAE04EC0-301F-11D3-BF4B-00C04F79EFBC}") = "Elsa.JobLauncher", "Elsa.JobLauncher\Elsa.JobLauncher.csproj", "{76280294-E5E8-4FF8-8943-13B67E7533A1}"
EndProject
Project("{FAE04EC0-301F-11D3-BF4B-00C04F79EFBC}") = "Elsa.App.Commerce", "Elsa.App.Commerce\Elsa.App.Commerce.csproj", "{92898B3B-012F-43F0-9044-55D6DE1A4AFB}"
EndProject
Project("{FAE04EC0-301F-11D3-BF4B-00C04F79EFBC}") = "Elsa.Apps.Common", "Elsa.Apps.Common\Elsa.Apps.Common.csproj", "{B09C721A-B22E-47A6-BC6B-9CD9155E174A}"
EndProject
Project("{FAE04EC0-301F-11D3-BF4B-00C04F79EFBC}") = "Elsa.Integration.Erp.Fler", "Elsa.Integration.Erp.Fler\Elsa.Integration.Erp.Fler.csproj", "{AF0625B5-6811-4393-BD3C-3C9C0FC30D8C}"
EndProject
Project("{2150E333-8FDC-42A3-9474-1A3956D46DE8}") = "PaymentSystems", "PaymentSystems", "{46A39F60-B004-42FB-AF3D-695A0BB2FE39}"
EndProject
Project("{FAE04EC0-301F-11D3-BF4B-00C04F79EFBC}") = "Elsa.Integration.PaymentSystems.Common", "Elsa.Integration.PaymentSystems.Common\Elsa.Integration.PaymentSystems.Common.csproj", "{FFAB584E-2962-4A9B-82B0-E8309185950A}"
EndProject
Project("{FAE04EC0-301F-11D3-BF4B-00C04F79EFBC}") = "Elsa.Integration.PaymentSystems.Fio", "Elsa.Integration.PaymentSystems.Fio\Elsa.Integration.PaymentSystems.Fio.csproj", "{1393F234-B177-4411-BB48-364E6BE597D0}"
EndProject
Project("{FAE04EC0-301F-11D3-BF4B-00C04F79EFBC}") = "Elsa.Jobs.PaymentPairing", "Elsa.Jobs.PaymentPairing\Elsa.Jobs.PaymentPairing.csproj", "{A4F5C43F-09C2-4DF4-BBE1-4FA96D17271F}"
EndProject
Project("{FAE04EC0-301F-11D3-BF4B-00C04F79EFBC}") = "Elsa.Jobs.PrefillCalender", "Elsa.Jobs.PrefillCalender\Elsa.Jobs.PrefillCalender.csproj", "{5ECCC802-EE9B-468F-B998-AF322356FEA9}"
EndProject
Project("{FAE04EC0-301F-11D3-BF4B-00C04F79EFBC}") = "Elsa.Jobs.SetPaidStatus", "Elsa.Jobs.SetPaidStatus\Elsa.Jobs.SetPaidStatus.csproj", "{2F341FE9-F108-4109-BBB4-E7115B0987A5}"
EndProject
Project("{FAE04EC0-301F-11D3-BF4B-00C04F79EFBC}") = "Elsa.Apps.ScheduledJobs", "Elsa.Apps.ScheduledJobs\Elsa.Apps.ScheduledJobs.csproj", "{55482891-37C2-4C35-83BE-68100012AE25}"
EndProject
Project("{FAE04EC0-301F-11D3-BF4B-00C04F79EFBC}") = "Elsa.Apps.Inventory", "Elsa.Apps.Inventory\Elsa.Apps.Inventory.csproj", "{3F09C69A-33B7-4A85-91C6-516BB3E08771}"
EndProject
Project("{2150E333-8FDC-42A3-9474-1A3956D46DE8}") = "UnitTests", "UnitTests", "{C54D8652-45CD-40D2-8852-CB3190141F3F}"
EndProject
Project("{FAE04EC0-301F-11D3-BF4B-00C04F79EFBC}") = "Elsa.UnitTests", "Elsa.UnitTests\Elsa.UnitTests.csproj", "{9EA8EB25-C11B-4265-8679-6CFB982548E8}"
EndProject
Global
	GlobalSection(SolutionConfigurationPlatforms) = preSolution
		Debug|Any CPU = Debug|Any CPU
		Release|Any CPU = Release|Any CPU
	EndGlobalSection
	GlobalSection(ProjectConfigurationPlatforms) = postSolution
		{91481B08-E437-474D-9793-A135F1DB465C}.Debug|Any CPU.ActiveCfg = Debug|Any CPU
		{91481B08-E437-474D-9793-A135F1DB465C}.Debug|Any CPU.Build.0 = Debug|Any CPU
		{91481B08-E437-474D-9793-A135F1DB465C}.Release|Any CPU.ActiveCfg = Release|Any CPU
		{91481B08-E437-474D-9793-A135F1DB465C}.Release|Any CPU.Build.0 = Release|Any CPU
		{957A9B48-FEFD-4874-8D36-D082EEA7F750}.Debug|Any CPU.ActiveCfg = Debug|Any CPU
		{957A9B48-FEFD-4874-8D36-D082EEA7F750}.Debug|Any CPU.Build.0 = Debug|Any CPU
		{957A9B48-FEFD-4874-8D36-D082EEA7F750}.Release|Any CPU.ActiveCfg = Release|Any CPU
		{957A9B48-FEFD-4874-8D36-D082EEA7F750}.Release|Any CPU.Build.0 = Release|Any CPU
		{D4DEADFC-53EA-4477-8798-DA625A98285B}.Debug|Any CPU.ActiveCfg = Debug|Any CPU
		{D4DEADFC-53EA-4477-8798-DA625A98285B}.Debug|Any CPU.Build.0 = Debug|Any CPU
		{D4DEADFC-53EA-4477-8798-DA625A98285B}.Release|Any CPU.ActiveCfg = Release|Any CPU
		{D4DEADFC-53EA-4477-8798-DA625A98285B}.Release|Any CPU.Build.0 = Release|Any CPU
		{8D5FB7D2-8960-4BF7-938E-2EC9584BDEC5}.Debug|Any CPU.ActiveCfg = Debug|Any CPU
		{8D5FB7D2-8960-4BF7-938E-2EC9584BDEC5}.Debug|Any CPU.Build.0 = Debug|Any CPU
		{8D5FB7D2-8960-4BF7-938E-2EC9584BDEC5}.Release|Any CPU.ActiveCfg = Release|Any CPU
		{8D5FB7D2-8960-4BF7-938E-2EC9584BDEC5}.Release|Any CPU.Build.0 = Release|Any CPU
		{E9AEACB2-D6E8-4F61-AF63-3578F9831594}.Debug|Any CPU.ActiveCfg = Debug|Any CPU
		{E9AEACB2-D6E8-4F61-AF63-3578F9831594}.Debug|Any CPU.Build.0 = Debug|Any CPU
		{E9AEACB2-D6E8-4F61-AF63-3578F9831594}.Release|Any CPU.ActiveCfg = Release|Any CPU
		{E9AEACB2-D6E8-4F61-AF63-3578F9831594}.Release|Any CPU.Build.0 = Release|Any CPU
		{895E4A3C-99D4-4E2E-872C-7479140D0CF5}.Debug|Any CPU.ActiveCfg = Debug|Any CPU
		{895E4A3C-99D4-4E2E-872C-7479140D0CF5}.Debug|Any CPU.Build.0 = Debug|Any CPU
		{895E4A3C-99D4-4E2E-872C-7479140D0CF5}.Release|Any CPU.ActiveCfg = Release|Any CPU
		{895E4A3C-99D4-4E2E-872C-7479140D0CF5}.Release|Any CPU.Build.0 = Release|Any CPU
		{FF79ECB2-9A11-45BA-BE08-E6D4471E7A0F}.Debug|Any CPU.ActiveCfg = Debug|Any CPU
		{FF79ECB2-9A11-45BA-BE08-E6D4471E7A0F}.Debug|Any CPU.Build.0 = Debug|Any CPU
		{FF79ECB2-9A11-45BA-BE08-E6D4471E7A0F}.Release|Any CPU.ActiveCfg = Release|Any CPU
		{FF79ECB2-9A11-45BA-BE08-E6D4471E7A0F}.Release|Any CPU.Build.0 = Release|Any CPU
		{F2986071-08CD-42DE-98FA-57E6FCE729C5}.Debug|Any CPU.ActiveCfg = Debug|Any CPU
		{F2986071-08CD-42DE-98FA-57E6FCE729C5}.Debug|Any CPU.Build.0 = Debug|Any CPU
		{F2986071-08CD-42DE-98FA-57E6FCE729C5}.Release|Any CPU.ActiveCfg = Release|Any CPU
		{F2986071-08CD-42DE-98FA-57E6FCE729C5}.Release|Any CPU.Build.0 = Release|Any CPU
		{E68CF298-B028-4722-BE2D-C7DE3512A01D}.Debug|Any CPU.ActiveCfg = Debug|Any CPU
		{E68CF298-B028-4722-BE2D-C7DE3512A01D}.Debug|Any CPU.Build.0 = Debug|Any CPU
		{E68CF298-B028-4722-BE2D-C7DE3512A01D}.Release|Any CPU.ActiveCfg = Release|Any CPU
		{E68CF298-B028-4722-BE2D-C7DE3512A01D}.Release|Any CPU.Build.0 = Release|Any CPU
		{1EDCBAB3-DA52-40B1-998B-88F878FF2875}.Debug|Any CPU.ActiveCfg = Debug|Any CPU
		{1EDCBAB3-DA52-40B1-998B-88F878FF2875}.Debug|Any CPU.Build.0 = Debug|Any CPU
		{1EDCBAB3-DA52-40B1-998B-88F878FF2875}.Release|Any CPU.ActiveCfg = Release|Any CPU
		{1EDCBAB3-DA52-40B1-998B-88F878FF2875}.Release|Any CPU.Build.0 = Release|Any CPU
		{09E35860-D69E-42A0-AABD-A7431F283C97}.Debug|Any CPU.ActiveCfg = Debug|Any CPU
		{09E35860-D69E-42A0-AABD-A7431F283C97}.Debug|Any CPU.Build.0 = Debug|Any CPU
		{09E35860-D69E-42A0-AABD-A7431F283C97}.Release|Any CPU.ActiveCfg = Release|Any CPU
		{09E35860-D69E-42A0-AABD-A7431F283C97}.Release|Any CPU.Build.0 = Release|Any CPU
		{D4607E8C-A5D2-423A-8C78-56B188C567ED}.Debug|Any CPU.ActiveCfg = Debug|Any CPU
		{D4607E8C-A5D2-423A-8C78-56B188C567ED}.Debug|Any CPU.Build.0 = Debug|Any CPU
		{D4607E8C-A5D2-423A-8C78-56B188C567ED}.Release|Any CPU.ActiveCfg = Release|Any CPU
		{D4607E8C-A5D2-423A-8C78-56B188C567ED}.Release|Any CPU.Build.0 = Release|Any CPU
		{A9148D58-0F0E-43E7-8A11-A9F9BB04333C}.Debug|Any CPU.ActiveCfg = Debug|Any CPU
		{A9148D58-0F0E-43E7-8A11-A9F9BB04333C}.Debug|Any CPU.Build.0 = Debug|Any CPU
		{A9148D58-0F0E-43E7-8A11-A9F9BB04333C}.Release|Any CPU.ActiveCfg = Release|Any CPU
		{A9148D58-0F0E-43E7-8A11-A9F9BB04333C}.Release|Any CPU.Build.0 = Release|Any CPU
		{61DD96B7-BF13-4C48-9353-08F2F907048E}.Debug|Any CPU.ActiveCfg = Debug|Any CPU
		{61DD96B7-BF13-4C48-9353-08F2F907048E}.Debug|Any CPU.Build.0 = Debug|Any CPU
		{61DD96B7-BF13-4C48-9353-08F2F907048E}.Release|Any CPU.ActiveCfg = Release|Any CPU
		{61DD96B7-BF13-4C48-9353-08F2F907048E}.Release|Any CPU.Build.0 = Release|Any CPU
		{DC38D50D-1F5F-44C8-A273-6C57CF26974C}.Debug|Any CPU.ActiveCfg = Debug|Any CPU
		{DC38D50D-1F5F-44C8-A273-6C57CF26974C}.Debug|Any CPU.Build.0 = Debug|Any CPU
		{DC38D50D-1F5F-44C8-A273-6C57CF26974C}.Release|Any CPU.ActiveCfg = Release|Any CPU
		{DC38D50D-1F5F-44C8-A273-6C57CF26974C}.Release|Any CPU.Build.0 = Release|Any CPU
		{5EF07762-137B-4BF7-8199-5961768FCAEC}.Debug|Any CPU.ActiveCfg = Debug|Any CPU
		{5EF07762-137B-4BF7-8199-5961768FCAEC}.Debug|Any CPU.Build.0 = Debug|Any CPU
		{5EF07762-137B-4BF7-8199-5961768FCAEC}.Release|Any CPU.ActiveCfg = Release|Any CPU
		{5EF07762-137B-4BF7-8199-5961768FCAEC}.Release|Any CPU.Build.0 = Release|Any CPU
		{DAC5B9D4-F7A0-49C5-A4BD-45AFE0E7C6C1}.Debug|Any CPU.ActiveCfg = Debug|Any CPU
		{DAC5B9D4-F7A0-49C5-A4BD-45AFE0E7C6C1}.Debug|Any CPU.Build.0 = Debug|Any CPU
		{DAC5B9D4-F7A0-49C5-A4BD-45AFE0E7C6C1}.Release|Any CPU.ActiveCfg = Release|Any CPU
		{DAC5B9D4-F7A0-49C5-A4BD-45AFE0E7C6C1}.Release|Any CPU.Build.0 = Release|Any CPU
		{76280294-E5E8-4FF8-8943-13B67E7533A1}.Debug|Any CPU.ActiveCfg = Debug|Any CPU
		{76280294-E5E8-4FF8-8943-13B67E7533A1}.Debug|Any CPU.Build.0 = Debug|Any CPU
		{76280294-E5E8-4FF8-8943-13B67E7533A1}.Release|Any CPU.ActiveCfg = Release|Any CPU
		{76280294-E5E8-4FF8-8943-13B67E7533A1}.Release|Any CPU.Build.0 = Release|Any CPU
		{92898B3B-012F-43F0-9044-55D6DE1A4AFB}.Debug|Any CPU.ActiveCfg = Debug|Any CPU
		{92898B3B-012F-43F0-9044-55D6DE1A4AFB}.Debug|Any CPU.Build.0 = Debug|Any CPU
		{92898B3B-012F-43F0-9044-55D6DE1A4AFB}.Release|Any CPU.ActiveCfg = Release|Any CPU
		{92898B3B-012F-43F0-9044-55D6DE1A4AFB}.Release|Any CPU.Build.0 = Release|Any CPU
		{B09C721A-B22E-47A6-BC6B-9CD9155E174A}.Debug|Any CPU.ActiveCfg = Debug|Any CPU
		{B09C721A-B22E-47A6-BC6B-9CD9155E174A}.Debug|Any CPU.Build.0 = Debug|Any CPU
		{B09C721A-B22E-47A6-BC6B-9CD9155E174A}.Release|Any CPU.ActiveCfg = Release|Any CPU
		{B09C721A-B22E-47A6-BC6B-9CD9155E174A}.Release|Any CPU.Build.0 = Release|Any CPU
		{AF0625B5-6811-4393-BD3C-3C9C0FC30D8C}.Debug|Any CPU.ActiveCfg = Debug|Any CPU
		{AF0625B5-6811-4393-BD3C-3C9C0FC30D8C}.Debug|Any CPU.Build.0 = Debug|Any CPU
		{AF0625B5-6811-4393-BD3C-3C9C0FC30D8C}.Release|Any CPU.ActiveCfg = Release|Any CPU
		{AF0625B5-6811-4393-BD3C-3C9C0FC30D8C}.Release|Any CPU.Build.0 = Release|Any CPU
		{FFAB584E-2962-4A9B-82B0-E8309185950A}.Debug|Any CPU.ActiveCfg = Debug|Any CPU
		{FFAB584E-2962-4A9B-82B0-E8309185950A}.Debug|Any CPU.Build.0 = Debug|Any CPU
		{FFAB584E-2962-4A9B-82B0-E8309185950A}.Release|Any CPU.ActiveCfg = Release|Any CPU
		{FFAB584E-2962-4A9B-82B0-E8309185950A}.Release|Any CPU.Build.0 = Release|Any CPU
		{1393F234-B177-4411-BB48-364E6BE597D0}.Debug|Any CPU.ActiveCfg = Debug|Any CPU
		{1393F234-B177-4411-BB48-364E6BE597D0}.Debug|Any CPU.Build.0 = Debug|Any CPU
		{1393F234-B177-4411-BB48-364E6BE597D0}.Release|Any CPU.ActiveCfg = Release|Any CPU
		{1393F234-B177-4411-BB48-364E6BE597D0}.Release|Any CPU.Build.0 = Release|Any CPU
		{A4F5C43F-09C2-4DF4-BBE1-4FA96D17271F}.Debug|Any CPU.ActiveCfg = Debug|Any CPU
		{A4F5C43F-09C2-4DF4-BBE1-4FA96D17271F}.Debug|Any CPU.Build.0 = Debug|Any CPU
		{A4F5C43F-09C2-4DF4-BBE1-4FA96D17271F}.Release|Any CPU.ActiveCfg = Release|Any CPU
		{A4F5C43F-09C2-4DF4-BBE1-4FA96D17271F}.Release|Any CPU.Build.0 = Release|Any CPU
		{5ECCC802-EE9B-468F-B998-AF322356FEA9}.Debug|Any CPU.ActiveCfg = Debug|Any CPU
		{5ECCC802-EE9B-468F-B998-AF322356FEA9}.Debug|Any CPU.Build.0 = Debug|Any CPU
		{5ECCC802-EE9B-468F-B998-AF322356FEA9}.Release|Any CPU.ActiveCfg = Release|Any CPU
		{5ECCC802-EE9B-468F-B998-AF322356FEA9}.Release|Any CPU.Build.0 = Release|Any CPU
		{2F341FE9-F108-4109-BBB4-E7115B0987A5}.Debug|Any CPU.ActiveCfg = Debug|Any CPU
		{2F341FE9-F108-4109-BBB4-E7115B0987A5}.Debug|Any CPU.Build.0 = Debug|Any CPU
		{2F341FE9-F108-4109-BBB4-E7115B0987A5}.Release|Any CPU.ActiveCfg = Release|Any CPU
		{2F341FE9-F108-4109-BBB4-E7115B0987A5}.Release|Any CPU.Build.0 = Release|Any CPU
		{55482891-37C2-4C35-83BE-68100012AE25}.Debug|Any CPU.ActiveCfg = Debug|Any CPU
		{55482891-37C2-4C35-83BE-68100012AE25}.Debug|Any CPU.Build.0 = Debug|Any CPU
		{55482891-37C2-4C35-83BE-68100012AE25}.Release|Any CPU.ActiveCfg = Release|Any CPU
		{55482891-37C2-4C35-83BE-68100012AE25}.Release|Any CPU.Build.0 = Release|Any CPU
		{3F09C69A-33B7-4A85-91C6-516BB3E08771}.Debug|Any CPU.ActiveCfg = Debug|Any CPU
		{3F09C69A-33B7-4A85-91C6-516BB3E08771}.Debug|Any CPU.Build.0 = Debug|Any CPU
		{3F09C69A-33B7-4A85-91C6-516BB3E08771}.Release|Any CPU.ActiveCfg = Release|Any CPU
		{3F09C69A-33B7-4A85-91C6-516BB3E08771}.Release|Any CPU.Build.0 = Release|Any CPU
		{9EA8EB25-C11B-4265-8679-6CFB982548E8}.Debug|Any CPU.ActiveCfg = Debug|Any CPU
		{9EA8EB25-C11B-4265-8679-6CFB982548E8}.Debug|Any CPU.Build.0 = Debug|Any CPU
		{9EA8EB25-C11B-4265-8679-6CFB982548E8}.Release|Any CPU.ActiveCfg = Release|Any CPU
		{9EA8EB25-C11B-4265-8679-6CFB982548E8}.Release|Any CPU.Build.0 = Release|Any CPU
	EndGlobalSection
	GlobalSection(SolutionProperties) = preSolution
		HideSolutionNode = FALSE
	EndGlobalSection
	GlobalSection(NestedProjects) = preSolution
		{91481B08-E437-474D-9793-A135F1DB465C} = {326F0792-00AF-4D82-B170-4CE248D4A975}
		{957A9B48-FEFD-4874-8D36-D082EEA7F750} = {56FB2203-E4D8-428D-938B-7251897BE1D0}
		{D4DEADFC-53EA-4477-8798-DA625A98285B} = {C66BF91A-FD6A-4F8E-BAF1-B8E7040D4B1F}
		{CE99B536-50DF-4CC8-A61A-6BE5F525E809} = {9A3EA0C7-2DD3-4A32-ADED-527F45DC0526}
		{8D5FB7D2-8960-4BF7-938E-2EC9584BDEC5} = {CE99B536-50DF-4CC8-A61A-6BE5F525E809}
		{E9AEACB2-D6E8-4F61-AF63-3578F9831594} = {CE99B536-50DF-4CC8-A61A-6BE5F525E809}
		{895E4A3C-99D4-4E2E-872C-7479140D0CF5} = {CE99B536-50DF-4CC8-A61A-6BE5F525E809}
		{FF79ECB2-9A11-45BA-BE08-E6D4471E7A0F} = {CE99B536-50DF-4CC8-A61A-6BE5F525E809}
		{F2986071-08CD-42DE-98FA-57E6FCE729C5} = {CE99B536-50DF-4CC8-A61A-6BE5F525E809}
		{F6D3760D-81CA-4526-9232-BD9FF5237E35} = {9A3EA0C7-2DD3-4A32-ADED-527F45DC0526}
		{E68CF298-B028-4722-BE2D-C7DE3512A01D} = {F6D3760D-81CA-4526-9232-BD9FF5237E35}
		{1EDCBAB3-DA52-40B1-998B-88F878FF2875} = {CE99B536-50DF-4CC8-A61A-6BE5F525E809}
		{09E35860-D69E-42A0-AABD-A7431F283C97} = {456527A3-2BE8-4010-8AC6-187539CE484D}
		{D4607E8C-A5D2-423A-8C78-56B188C567ED} = {326F0792-00AF-4D82-B170-4CE248D4A975}
		{A9148D58-0F0E-43E7-8A11-A9F9BB04333C} = {326F0792-00AF-4D82-B170-4CE248D4A975}
		{61DD96B7-BF13-4C48-9353-08F2F907048E} = {17CFFCB7-A83F-405D-969E-CC1396850E26}
		{3386EF17-A701-407B-8643-62F6BCEA5A88} = {A188EE1B-B81C-4698-B872-CB072E73525D}
		{DC38D50D-1F5F-44C8-A273-6C57CF26974C} = {3386EF17-A701-407B-8643-62F6BCEA5A88}
		{5EF07762-137B-4BF7-8199-5961768FCAEC} = {2E1A0EFD-CAFD-4EA0-B91F-0F3A81EBD94E}
		{DAC5B9D4-F7A0-49C5-A4BD-45AFE0E7C6C1} = {2E1A0EFD-CAFD-4EA0-B91F-0F3A81EBD94E}
		{76280294-E5E8-4FF8-8943-13B67E7533A1} = {2E1A0EFD-CAFD-4EA0-B91F-0F3A81EBD94E}
		{92898B3B-012F-43F0-9044-55D6DE1A4AFB} = {456527A3-2BE8-4010-8AC6-187539CE484D}
		{B09C721A-B22E-47A6-BC6B-9CD9155E174A} = {456527A3-2BE8-4010-8AC6-187539CE484D}
		{AF0625B5-6811-4393-BD3C-3C9C0FC30D8C} = {3386EF17-A701-407B-8643-62F6BCEA5A88}
		{46A39F60-B004-42FB-AF3D-695A0BB2FE39} = {A188EE1B-B81C-4698-B872-CB072E73525D}
		{FFAB584E-2962-4A9B-82B0-E8309185950A} = {46A39F60-B004-42FB-AF3D-695A0BB2FE39}
		{1393F234-B177-4411-BB48-364E6BE597D0} = {46A39F60-B004-42FB-AF3D-695A0BB2FE39}
		{A4F5C43F-09C2-4DF4-BBE1-4FA96D17271F} = {2E1A0EFD-CAFD-4EA0-B91F-0F3A81EBD94E}
		{5ECCC802-EE9B-468F-B998-AF322356FEA9} = {2E1A0EFD-CAFD-4EA0-B91F-0F3A81EBD94E}
		{2F341FE9-F108-4109-BBB4-E7115B0987A5} = {2E1A0EFD-CAFD-4EA0-B91F-0F3A81EBD94E}
		{55482891-37C2-4C35-83BE-68100012AE25} = {456527A3-2BE8-4010-8AC6-187539CE484D}
		{3F09C69A-33B7-4A85-91C6-516BB3E08771} = {456527A3-2BE8-4010-8AC6-187539CE484D}
		{C54D8652-45CD-40D2-8852-CB3190141F3F} = {56FB2203-E4D8-428D-938B-7251897BE1D0}
		{9EA8EB25-C11B-4265-8679-6CFB982548E8} = {C54D8652-45CD-40D2-8852-CB3190141F3F}
	EndGlobalSection
EndGlobal
