
Microsoft Visual Studio Solution File, Format Version 12.00
# Visual Studio Version 16
VisualStudioVersion = 16.0.31613.86
MinimumVisualStudioVersion = 10.0.40219.1
Project("{2150E333-8FDC-42A3-9474-1A3956D46DE8}") = "Core", "Core", "{326F0792-00AF-4D82-B170-4CE248D4A975}"
EndProject
Project("{FAE04EC0-301F-11D3-BF4B-00C04F79EFBC}") = "Elsa.Core.Entities", "Elsa.Core.Entities.Commerce\Elsa.Core.Entities.csproj", "{91481B08-E437-474D-9793-A135F1DB465C}"
EndProject
Project("{2150E333-8FDC-42A3-9474-1A3956D46DE8}") = "Test", "Test", "{56FB2203-E4D8-428D-938B-7251897BE1D0}"
EndProject
Project("{FAE04EC0-301F-11D3-BF4B-00C04F79EFBC}") = "ConsoleApplication1", "ConsoleApplication1\ConsoleApplication1.csproj", "{957A9B48-FEFD-4874-8D36-D082EEA7F750}"
EndProject
Project("{2150E333-8FDC-42A3-9474-1A3956D46DE8}") = "Presentation", "Presentation", "{C66BF91A-FD6A-4F8E-BAF1-B8E7040D4B1F}"
EndProject
Project("{FAE04EC0-301F-11D3-BF4B-00C04F79EFBC}") = "Elsa.Portal", "Elsa.Portal\Elsa.Portal.csproj", "{D4DEADFC-53EA-4477-8798-DA625A98285B}"
EndProject
Project("{2150E333-8FDC-42A3-9474-1A3956D46DE8}") = "Libraries", "Libraries", "{9A3EA0C7-2DD3-4A32-ADED-527F45DC0526}"
EndProject
Project("{2150E333-8FDC-42A3-9474-1A3956D46DE8}") = "Robowire", "Robowire", "{CE99B536-50DF-4CC8-A61A-6BE5F525E809}"
EndProject
Project("{FAE04EC0-301F-11D3-BF4B-00C04F79EFBC}") = "CodeGeneration", "..\Robowire\Robowire\CodeGeneration\CodeGeneration.csproj", "{8D5FB7D2-8960-4BF7-938E-2EC9584BDEC5}"
EndProject
Project("{FAE04EC0-301F-11D3-BF4B-00C04F79EFBC}") = "Robowire.Common.Expressions", "..\Robowire\Robowire\Robowire.Common.Expressions\Robowire.Common.Expressions.csproj", "{E9AEACB2-D6E8-4F61-AF63-3578F9831594}"
EndProject
Project("{FAE04EC0-301F-11D3-BF4B-00C04F79EFBC}") = "Robowire.RoboApi", "..\Robowire\Robowire\Robowire.RoboApi\Robowire.RoboApi.csproj", "{895E4A3C-99D4-4E2E-872C-7479140D0CF5}"
EndProject
Project("{FAE04EC0-301F-11D3-BF4B-00C04F79EFBC}") = "Robowire.RobOrm.Core", "..\Robowire\Robowire\Robowire.RobOrm.Core\Robowire.RobOrm.Core.csproj", "{FF79ECB2-9A11-45BA-BE08-E6D4471E7A0F}"
EndProject
Project("{FAE04EC0-301F-11D3-BF4B-00C04F79EFBC}") = "Robowire.RobOrm.SqlServer", "..\Robowire\Robowire\Robowire.RobOrm.SqlServer\Robowire.RobOrm.SqlServer.csproj", "{F2986071-08CD-42DE-98FA-57E6FCE729C5}"
EndProject
Project("{FAE04EC0-301F-11D3-BF4B-00C04F79EFBC}") = "Robowire", "..\Robowire\Robowire\RobowireCore\Robowire.csproj", "{1EDCBAB3-DA52-40B1-998B-88F878FF2875}"
EndProject
Project("{2150E333-8FDC-42A3-9474-1A3956D46DE8}") = "WebApps", "WebApps", "{456527A3-2BE8-4010-8AC6-187539CE484D}"
EndProject
Project("{FAE04EC0-301F-11D3-BF4B-00C04F79EFBC}") = "Elsa.App.Profile", "Elsa.App.Profile\Elsa.App.Profile.csproj", "{09E35860-D69E-42A0-AABD-A7431F283C97}"
EndProject
Project("{FAE04EC0-301F-11D3-BF4B-00C04F79EFBC}") = "Elsa.Common", "Elsa.Common\Elsa.Common.csproj", "{D4607E8C-A5D2-423A-8C78-56B188C567ED}"
EndProject
Project("{FAE04EC0-301F-11D3-BF4B-00C04F79EFBC}") = "Elsa.Users", "Elsa.Users\Elsa.Users.csproj", "{A9148D58-0F0E-43E7-8A11-A9F9BB04333C}"
EndProject
Project("{2150E333-8FDC-42A3-9474-1A3956D46DE8}") = "Commerce", "Commerce", "{17CFFCB7-A83F-405D-969E-CC1396850E26}"
EndProject
Project("{FAE04EC0-301F-11D3-BF4B-00C04F79EFBC}") = "Elsa.Commerce.Core", "Elsa.Commerce.Core\Elsa.Commerce.Core.csproj", "{61DD96B7-BF13-4C48-9353-08F2F907048E}"
EndProject
Project("{2150E333-8FDC-42A3-9474-1A3956D46DE8}") = "Integration", "Integration", "{A188EE1B-B81C-4698-B872-CB072E73525D}"
EndProject
Project("{2150E333-8FDC-42A3-9474-1A3956D46DE8}") = "Erp", "Erp", "{3386EF17-A701-407B-8643-62F6BCEA5A88}"
EndProject
Project("{FAE04EC0-301F-11D3-BF4B-00C04F79EFBC}") = "Elsa.Integration.Erp.Flox", "Elsa.Integration.Erp.Flox\Elsa.Integration.Erp.Flox.csproj", "{DC38D50D-1F5F-44C8-A273-6C57CF26974C}"
EndProject
Project("{2150E333-8FDC-42A3-9474-1A3956D46DE8}") = "Jobs", "Jobs", "{2E1A0EFD-CAFD-4EA0-B91F-0F3A81EBD94E}"
EndProject
Project("{FAE04EC0-301F-11D3-BF4B-00C04F79EFBC}") = "Elsa.Jobs.Common", "Elsa.Jobs.Common\Elsa.Jobs.Common.csproj", "{5EF07762-137B-4BF7-8199-5961768FCAEC}"
EndProject
Project("{FAE04EC0-301F-11D3-BF4B-00C04F79EFBC}") = "Elsa.Jobs.ImportOrders", "Elsa.Jobs.ImportOrders\Elsa.Jobs.ImportOrders.csproj", "{DAC5B9D4-F7A0-49C5-A4BD-45AFE0E7C6C1}"
EndProject
Project("{FAE04EC0-301F-11D3-BF4B-00C04F79EFBC}") = "Elsa.JobLauncher", "Elsa.JobLauncher\Elsa.JobLauncher.csproj", "{76280294-E5E8-4FF8-8943-13B67E7533A1}"
EndProject
Project("{FAE04EC0-301F-11D3-BF4B-00C04F79EFBC}") = "Elsa.App.Commerce", "Elsa.App.Commerce\Elsa.App.Commerce.csproj", "{92898B3B-012F-43F0-9044-55D6DE1A4AFB}"
EndProject
Project("{FAE04EC0-301F-11D3-BF4B-00C04F79EFBC}") = "Elsa.Apps.Common", "Elsa.Apps.Common\Elsa.Apps.Common.csproj", "{B09C721A-B22E-47A6-BC6B-9CD9155E174A}"
EndProject
Project("{FAE04EC0-301F-11D3-BF4B-00C04F79EFBC}") = "Elsa.Integration.Erp.Fler", "Elsa.Integration.Erp.Fler\Elsa.Integration.Erp.Fler.csproj", "{AF0625B5-6811-4393-BD3C-3C9C0FC30D8C}"
EndProject
Project("{2150E333-8FDC-42A3-9474-1A3956D46DE8}") = "PaymentSystems", "PaymentSystems", "{46A39F60-B004-42FB-AF3D-695A0BB2FE39}"
EndProject
Project("{FAE04EC0-301F-11D3-BF4B-00C04F79EFBC}") = "Elsa.Integration.PaymentSystems.Common", "Elsa.Integration.PaymentSystems.Common\Elsa.Integration.PaymentSystems.Common.csproj", "{FFAB584E-2962-4A9B-82B0-E8309185950A}"
EndProject
Project("{FAE04EC0-301F-11D3-BF4B-00C04F79EFBC}") = "Elsa.Integration.PaymentSystems.Fio", "Elsa.Integration.PaymentSystems.Fio\Elsa.Integration.PaymentSystems.Fio.csproj", "{1393F234-B177-4411-BB48-364E6BE597D0}"
EndProject
Project("{FAE04EC0-301F-11D3-BF4B-00C04F79EFBC}") = "Elsa.Jobs.PaymentPairing", "Elsa.Jobs.PaymentPairing\Elsa.Jobs.PaymentPairing.csproj", "{A4F5C43F-09C2-4DF4-BBE1-4FA96D17271F}"
EndProject
Project("{FAE04EC0-301F-11D3-BF4B-00C04F79EFBC}") = "Elsa.Jobs.PrefillCalender", "Elsa.Jobs.PrefillCalender\Elsa.Jobs.PrefillCalender.csproj", "{5ECCC802-EE9B-468F-B998-AF322356FEA9}"
EndProject
Project("{FAE04EC0-301F-11D3-BF4B-00C04F79EFBC}") = "Elsa.Jobs.SetPaidStatus", "Elsa.Jobs.SetPaidStatus\Elsa.Jobs.SetPaidStatus.csproj", "{2F341FE9-F108-4109-BBB4-E7115B0987A5}"
EndProject
Project("{FAE04EC0-301F-11D3-BF4B-00C04F79EFBC}") = "Elsa.Apps.ScheduledJobs", "Elsa.Apps.ScheduledJobs\Elsa.Apps.ScheduledJobs.csproj", "{55482891-37C2-4C35-83BE-68100012AE25}"
EndProject
Project("{FAE04EC0-301F-11D3-BF4B-00C04F79EFBC}") = "Elsa.Apps.Inventory", "Elsa.Apps.Inventory\Elsa.Apps.Inventory.csproj", "{3F09C69A-33B7-4A85-91C6-516BB3E08771}"
EndProject
Project("{2150E333-8FDC-42A3-9474-1A3956D46DE8}") = "UnitTests", "UnitTests", "{C54D8652-45CD-40D2-8852-CB3190141F3F}"
EndProject
Project("{FAE04EC0-301F-11D3-BF4B-00C04F79EFBC}") = "Elsa.UnitTests", "Elsa.UnitTests\Elsa.UnitTests.csproj", "{9EA8EB25-C11B-4265-8679-6CFB982548E8}"
EndProject
Project("{2150E333-8FDC-42A3-9474-1A3956D46DE8}") = "Geo", "Geo", "{AE597B1B-B247-4D9C-9D3D-59A45EEE007A}"
EndProject
Project("{FAE04EC0-301F-11D3-BF4B-00C04F79EFBC}") = "Elsa.Integration.Geocoding.Common", "Elsa.Integration.Geocoding.Common\Elsa.Integration.Geocoding.Common.csproj", "{3F19F820-77D7-4FEB-97DC-5AF602400B80}"
EndProject
Project("{FAE04EC0-301F-11D3-BF4B-00C04F79EFBC}") = "Elsa.Integration.Geocoding.OpenStreetMap", "Elsa.Integration.Geocoding.OpenStreetMap\Elsa.Integration.Geocoding.OpenStreetMap.csproj", "{24964543-9286-4D4B-8CBA-F15B61E3BDF6}"
EndProject
Project("{FAE04EC0-301F-11D3-BF4B-00C04F79EFBC}") = "Elsa.Jobs.GeocodeAddresses", "Elsa.Jobs.GeocodeAddresses\Elsa.Jobs.GeocodeAddresses.csproj", "{21605D9D-A85D-458A-9D38-0EF57EA7BF64}"
EndProject
Project("{FAE04EC0-301F-11D3-BF4B-00C04F79EFBC}") = "Elsa.App.Shipment", "Elsa.App.Shipment\Elsa.App.Shipment.csproj", "{30186AB2-8F35-469D-9917-DA2FA80CC3F8}"
EndProject
Project("{2150E333-8FDC-42A3-9474-1A3956D46DE8}") = "ShipmentProviders", "ShipmentProviders", "{AAAD30FC-9422-4033-A443-18F4C8F37E85}"
EndProject
Project("{FAE04EC0-301F-11D3-BF4B-00C04F79EFBC}") = "Elsa.Integration.ShipmentProviders.Zasilkovna", "Elsa.Integration.ShipmentProviders.Zasilkovna\Elsa.Integration.ShipmentProviders.Zasilkovna.csproj", "{07E140FE-7D72-4138-80D6-781E712ACB0A}"
EndProject
Project("{FAE04EC0-301F-11D3-BF4B-00C04F79EFBC}") = "Elsa.App.OrdersPacking", "Elsa.App.OrdersPacking\Elsa.App.OrdersPacking.csproj", "{87D88B8D-17B5-4FB4-B7BD-AAA2D2FFB4A1}"
EndProject
Project("{FAE04EC0-301F-11D3-BF4B-00C04F79EFBC}") = "Elsa.Integration.Erp.Elerp", "Elsa.Integration.Erp.Elerp\Elsa.Integration.Erp.Elerp.csproj", "{C0829B5D-153B-4EFE-A692-E53354326FE4}"
EndProject
Project("{FAE04EC0-301F-11D3-BF4B-00C04F79EFBC}") = "Elsa.Jobs.SyncErpCustomers", "Elsa.Jobs.SyncErpCustomers\Elsa.Jobs.SyncErpCustomers.csproj", "{EE3BF5CE-F5DD-4D3B-B696-12C5A1EF1AF4}"
EndProject
Project("{FAE04EC0-301F-11D3-BF4B-00C04F79EFBC}") = "Elsa.App.Crm", "Elsa.App.Crm\Elsa.App.Crm.csproj", "{00851E14-33BE-4F64-91D1-E27FA48422BD}"
EndProject
Project("{2150E333-8FDC-42A3-9474-1A3956D46DE8}") = "CurrencyConversion", "CurrencyConversion", "{A07C34A2-2A1E-434D-8ABE-DEEE09CCF4AB}"
EndProject
Project("{FAE04EC0-301F-11D3-BF4B-00C04F79EFBC}") = "Elsa.Jobs.LoadCurrencyRates", "Elsa.Jobs.LoadCurrencyRates\Elsa.Jobs.LoadCurrencyRates.csproj", "{68C066E6-C31A-454C-845F-F2BF1693F76D}"
EndProject
Project("{FAE04EC0-301F-11D3-BF4B-00C04F79EFBC}") = "Elsa.Assembly", "Elsa.Assembly\Elsa.Assembly.csproj", "{D610496E-A291-4EB5-A7B0-B6A693D485BE}"
EndProject
Project("{2150E333-8FDC-42A3-9474-1A3956D46DE8}") = "Smtp", "Smtp", "{032D71EF-ACF5-4268-AC43-7D18DDD55B06}"
EndProject
Project("{FAE04EC0-301F-11D3-BF4B-00C04F79EFBC}") = "Elsa.Smtp.Core", "Elsa.Smtp.Core\Elsa.Smtp.Core.csproj", "{5DABFCE6-02A6-428C-BB67-0A2C23B0A189}"
EndProject
Project("{2150E333-8FDC-42A3-9474-1A3956D46DE8}") = "Schedoo", "Schedoo", "{6A8FCE0F-CE35-48A7-8221-38104FF32EEB}"
EndProject
Project("{FAE04EC0-301F-11D3-BF4B-00C04F79EFBC}") = "Schedoo.Core", "Schedoo.Core\Schedoo.Core.csproj", "{52768AA8-2EBF-4660-B7A4-277A3D8842BC}"
EndProject
Project("{FAE04EC0-301F-11D3-BF4B-00C04F79EFBC}") = "Elsa.EditorBuilder", "Elsa.EditorBuilder\Elsa.EditorBuilder.csproj", "{9C5C1039-A135-4D87-9E41-70BBEE4D6E1A}"
EndProject
Project("{FAE04EC0-301F-11D3-BF4B-00C04F79EFBC}") = "Elsa.Apps.CommonData", "Elsa.Apps.CommonData\Elsa.Apps.CommonData.csproj", "{A59B602C-0A86-48F6-944D-CE7C675F99DD}"
EndProject
Project("{FAE04EC0-301F-11D3-BF4B-00C04F79EFBC}") = "Elsa.Looper", "Elsa.Looper\Elsa.Looper.csproj", "{C693926B-45CB-486C-8A05-7A0C8B8FCF3E}"
EndProject
Project("{FAE04EC0-301F-11D3-BF4B-00C04F79EFBC}") = "Elsa.Invoicing.Core", "Elsa.Invoicing.Core\Elsa.Invoicing.Core.csproj", "{680A0E79-828B-4284-9AF8-32BCF09D62CF}"
EndProject
Project("{FAE04EC0-301F-11D3-BF4B-00C04F79EFBC}") = "Elsa.Apps.InvoiceForms", "Elsa.Apps.InvoiceForms\Elsa.Apps.InvoiceForms.csproj", "{53407BD1-77B6-47D6-B77D-19F2282C6173}"
EndProject
Project("{2150E333-8FDC-42A3-9474-1A3956D46DE8}") = "Common", "Common", "{FC61D761-EDCC-4BEF-9B3B-06957ACCFAE6}"
EndProject
Project("{FAE04EC0-301F-11D3-BF4B-00C04F79EFBC}") = "Elsa.Common.XTable", "Elsa.Common.Excel\Elsa.Common.XTable.csproj", "{65F8DF91-8593-4B33-BDBF-2DEBB43CEE2E}"
EndProject
Project("{FAE04EC0-301F-11D3-BF4B-00C04F79EFBC}") = "Elsa.Common.Noml", "Elsa.Common.Noml\Elsa.Common.Noml.csproj", "{3C44767F-B6AB-4ADD-87F7-EF28051F5FD3}"
EndProject
Project("{FAE04EC0-301F-11D3-BF4B-00C04F79EFBC}") = "Elsa.Common.Noml.Forms", "Elsa.Common.Noml.Forms\Elsa.Common.Noml.Forms.csproj", "{9FA823D4-27DA-4512-9C59-ECB1E03BAFA8}"
EndProject
Project("{2150E333-8FDC-42A3-9474-1A3956D46DE8}") = "Invoicing", "Invoicing", "{17B02449-1F07-4B2E-AD19-E20F35FEB9E9}"
EndProject
Project("{FAE04EC0-301F-11D3-BF4B-00C04F79EFBC}") = "Elsa.Commerce.Invoicing.ReceivingInvoicesGeneration", "Elsa.Commerce.Invoicing.ReceivingInvoicesGeneration\Elsa.Commerce.Invoicing.ReceivingInvoicesGeneration.csproj", "{41B6892E-A074-43A5-BF29-6E0AD659CE67}"
EndProject
Project("{9A19103F-16F7-4668-BE54-9A1E7A4F7556}") = "Elsa.Commerce.Invoicing.ReleasingFormsGeneration", "Elsa.Commerce.Invoicing.ReleasingFormsGeneration\Elsa.Commerce.Invoicing.ReleasingFormsGeneration.csproj", "{661D09CE-C255-4086-B88A-EDC5028EB795}"
EndProject
Project("{FAE04EC0-301F-11D3-BF4B-00C04F79EFBC}") = "Elsa.Apps.Invoices", "Elsa.Apps.Invoices\Elsa.Apps.Invoices.csproj", "{6FCEA8AB-D629-468E-B0D2-C7F006AF41A0}"
EndProject
Project("{FAE04EC0-301F-11D3-BF4B-00C04F79EFBC}") = "Elsa.App.SaleEvents", "Elsa.App.SaleEvents\Elsa.App.SaleEvents.csproj", "{0C94EB6A-E1DD-4791-B7F3-AA1E86AB9231}"
EndProject
Project("{FAE04EC0-301F-11D3-BF4B-00C04F79EFBC}") = "Elsa.Apps.ProductionService", "Elsa.Apps.ProductionService\Elsa.Apps.ProductionService.csproj", "{4ECA9E43-64D4-49CD-B9C2-205316C0E7B1}"
EndProject
Project("{FAE04EC0-301F-11D3-BF4B-00C04F79EFBC}") = "Elsa.App.CommonReports", "Elsa.App.CommonReports\Elsa.App.CommonReports.csproj", "{241CF9BE-3BED-4155-9784-59C14EAF6515}"
EndProject
Project("{FAE04EC0-301F-11D3-BF4B-00C04F79EFBC}") = "Elsa.Jobs.DbBackup", "Elsa.Jobs.DbBackup\Elsa.Jobs.DbBackup.csproj", "{AEBA83D2-BFAE-4A1D-B538-08F5460EC409}"
EndProject
Project("{FAE04EC0-301F-11D3-BF4B-00C04F79EFBC}") = "Elsa.App.Inspector", "Elsa.App.Inspector\Elsa.App.Inspector.csproj", "{A5AE1E90-BF3D-4B74-9046-E932207AC709}"
EndProject
Project("{FAE04EC0-301F-11D3-BF4B-00C04F79EFBC}") = "Elsa.Common.Interfaces", "Elsa.Common.Interfaces\Elsa.Common.Interfaces.csproj", "{736FC43F-5A58-4C27-B194-37E40301CFBC}"
EndProject
Project("{FAE04EC0-301F-11D3-BF4B-00C04F79EFBC}") = "Elsa.App.MaterialLevels", "Elsa.App.MaterialLevels\Elsa.App.MaterialLevels.csproj", "{52F39EC0-1DBB-4D9C-B9D2-53BD254E66DF}"
EndProject
Project("{9A19103F-16F7-4668-BE54-9A1E7A4F7556}") = "Elsa.Jobs.FinancialReportsGeneration", "Elsa.Jobs.FinancialReportsGeneration\Elsa.Jobs.FinancialReportsGeneration.csproj", "{4586C0D0-A123-4049-84DF-6A050A78D60B}"
EndProject
Project("{9A19103F-16F7-4668-BE54-9A1E7A4F7556}") = "Elsa.Jobs.AutomaticQueries", "Elsa.Jobs.AutomaticQueries\Elsa.Jobs.AutomaticQueries.csproj", "{A3DA3672-1F5A-44EB-8001-A19C7C97FE73}"
EndProject
Project("{FAE04EC0-301F-11D3-BF4B-00C04F79EFBC}") = "Elsa.Jobs.DbMaintenance", "Elsa.Jobs.DbMaintenance\Elsa.Jobs.DbMaintenance.csproj", "{DE44B659-81A7-4E91-9B56-D0D811BC77FA}"
EndProject
Global
	GlobalSection(SolutionConfigurationPlatforms) = preSolution
		Debug|Any CPU = Debug|Any CPU
		Release|Any CPU = Release|Any CPU
	EndGlobalSection
	GlobalSection(ProjectConfigurationPlatforms) = postSolution
		{91481B08-E437-474D-9793-A135F1DB465C}.Debug|Any CPU.ActiveCfg = Debug|Any CPU
		{91481B08-E437-474D-9793-A135F1DB465C}.Debug|Any CPU.Build.0 = Debug|Any CPU
		{91481B08-E437-474D-9793-A135F1DB465C}.Release|Any CPU.ActiveCfg = Release|Any CPU
		{91481B08-E437-474D-9793-A135F1DB465C}.Release|Any CPU.Build.0 = Release|Any CPU
		{957A9B48-FEFD-4874-8D36-D082EEA7F750}.Debug|Any CPU.ActiveCfg = Debug|Any CPU
		{957A9B48-FEFD-4874-8D36-D082EEA7F750}.Debug|Any CPU.Build.0 = Debug|Any CPU
		{957A9B48-FEFD-4874-8D36-D082EEA7F750}.Release|Any CPU.ActiveCfg = Release|Any CPU
		{957A9B48-FEFD-4874-8D36-D082EEA7F750}.Release|Any CPU.Build.0 = Release|Any CPU
		{D4DEADFC-53EA-4477-8798-DA625A98285B}.Debug|Any CPU.ActiveCfg = Debug|Any CPU
		{D4DEADFC-53EA-4477-8798-DA625A98285B}.Debug|Any CPU.Build.0 = Debug|Any CPU
		{D4DEADFC-53EA-4477-8798-DA625A98285B}.Release|Any CPU.ActiveCfg = Release|Any CPU
		{D4DEADFC-53EA-4477-8798-DA625A98285B}.Release|Any CPU.Build.0 = Release|Any CPU
		{8D5FB7D2-8960-4BF7-938E-2EC9584BDEC5}.Debug|Any CPU.ActiveCfg = Debug|Any CPU
		{8D5FB7D2-8960-4BF7-938E-2EC9584BDEC5}.Debug|Any CPU.Build.0 = Debug|Any CPU
		{8D5FB7D2-8960-4BF7-938E-2EC9584BDEC5}.Release|Any CPU.ActiveCfg = Release|Any CPU
		{8D5FB7D2-8960-4BF7-938E-2EC9584BDEC5}.Release|Any CPU.Build.0 = Release|Any CPU
		{E9AEACB2-D6E8-4F61-AF63-3578F9831594}.Debug|Any CPU.ActiveCfg = Debug|Any CPU
		{E9AEACB2-D6E8-4F61-AF63-3578F9831594}.Debug|Any CPU.Build.0 = Debug|Any CPU
		{E9AEACB2-D6E8-4F61-AF63-3578F9831594}.Release|Any CPU.ActiveCfg = Release|Any CPU
		{E9AEACB2-D6E8-4F61-AF63-3578F9831594}.Release|Any CPU.Build.0 = Release|Any CPU
		{895E4A3C-99D4-4E2E-872C-7479140D0CF5}.Debug|Any CPU.ActiveCfg = Debug|Any CPU
		{895E4A3C-99D4-4E2E-872C-7479140D0CF5}.Debug|Any CPU.Build.0 = Debug|Any CPU
		{895E4A3C-99D4-4E2E-872C-7479140D0CF5}.Release|Any CPU.ActiveCfg = Release|Any CPU
		{895E4A3C-99D4-4E2E-872C-7479140D0CF5}.Release|Any CPU.Build.0 = Release|Any CPU
		{FF79ECB2-9A11-45BA-BE08-E6D4471E7A0F}.Debug|Any CPU.ActiveCfg = Debug|Any CPU
		{FF79ECB2-9A11-45BA-BE08-E6D4471E7A0F}.Debug|Any CPU.Build.0 = Debug|Any CPU
		{FF79ECB2-9A11-45BA-BE08-E6D4471E7A0F}.Release|Any CPU.ActiveCfg = Release|Any CPU
		{FF79ECB2-9A11-45BA-BE08-E6D4471E7A0F}.Release|Any CPU.Build.0 = Release|Any CPU
		{F2986071-08CD-42DE-98FA-57E6FCE729C5}.Debug|Any CPU.ActiveCfg = Debug|Any CPU
		{F2986071-08CD-42DE-98FA-57E6FCE729C5}.Debug|Any CPU.Build.0 = Debug|Any CPU
		{F2986071-08CD-42DE-98FA-57E6FCE729C5}.Release|Any CPU.ActiveCfg = Release|Any CPU
		{F2986071-08CD-42DE-98FA-57E6FCE729C5}.Release|Any CPU.Build.0 = Release|Any CPU
		{1EDCBAB3-DA52-40B1-998B-88F878FF2875}.Debug|Any CPU.ActiveCfg = Debug|Any CPU
		{1EDCBAB3-DA52-40B1-998B-88F878FF2875}.Debug|Any CPU.Build.0 = Debug|Any CPU
		{1EDCBAB3-DA52-40B1-998B-88F878FF2875}.Release|Any CPU.ActiveCfg = Release|Any CPU
		{1EDCBAB3-DA52-40B1-998B-88F878FF2875}.Release|Any CPU.Build.0 = Release|Any CPU
		{09E35860-D69E-42A0-AABD-A7431F283C97}.Debug|Any CPU.ActiveCfg = Debug|Any CPU
		{09E35860-D69E-42A0-AABD-A7431F283C97}.Debug|Any CPU.Build.0 = Debug|Any CPU
		{09E35860-D69E-42A0-AABD-A7431F283C97}.Release|Any CPU.ActiveCfg = Release|Any CPU
		{09E35860-D69E-42A0-AABD-A7431F283C97}.Release|Any CPU.Build.0 = Release|Any CPU
		{D4607E8C-A5D2-423A-8C78-56B188C567ED}.Debug|Any CPU.ActiveCfg = Debug|Any CPU
		{D4607E8C-A5D2-423A-8C78-56B188C567ED}.Debug|Any CPU.Build.0 = Debug|Any CPU
		{D4607E8C-A5D2-423A-8C78-56B188C567ED}.Release|Any CPU.ActiveCfg = Release|Any CPU
		{D4607E8C-A5D2-423A-8C78-56B188C567ED}.Release|Any CPU.Build.0 = Release|Any CPU
		{A9148D58-0F0E-43E7-8A11-A9F9BB04333C}.Debug|Any CPU.ActiveCfg = Debug|Any CPU
		{A9148D58-0F0E-43E7-8A11-A9F9BB04333C}.Debug|Any CPU.Build.0 = Debug|Any CPU
		{A9148D58-0F0E-43E7-8A11-A9F9BB04333C}.Release|Any CPU.ActiveCfg = Release|Any CPU
		{A9148D58-0F0E-43E7-8A11-A9F9BB04333C}.Release|Any CPU.Build.0 = Release|Any CPU
		{61DD96B7-BF13-4C48-9353-08F2F907048E}.Debug|Any CPU.ActiveCfg = Debug|Any CPU
		{61DD96B7-BF13-4C48-9353-08F2F907048E}.Debug|Any CPU.Build.0 = Debug|Any CPU
		{61DD96B7-BF13-4C48-9353-08F2F907048E}.Release|Any CPU.ActiveCfg = Release|Any CPU
		{61DD96B7-BF13-4C48-9353-08F2F907048E}.Release|Any CPU.Build.0 = Release|Any CPU
		{DC38D50D-1F5F-44C8-A273-6C57CF26974C}.Debug|Any CPU.ActiveCfg = Debug|Any CPU
		{DC38D50D-1F5F-44C8-A273-6C57CF26974C}.Debug|Any CPU.Build.0 = Debug|Any CPU
		{DC38D50D-1F5F-44C8-A273-6C57CF26974C}.Release|Any CPU.ActiveCfg = Release|Any CPU
		{DC38D50D-1F5F-44C8-A273-6C57CF26974C}.Release|Any CPU.Build.0 = Release|Any CPU
		{5EF07762-137B-4BF7-8199-5961768FCAEC}.Debug|Any CPU.ActiveCfg = Debug|Any CPU
		{5EF07762-137B-4BF7-8199-5961768FCAEC}.Debug|Any CPU.Build.0 = Debug|Any CPU
		{5EF07762-137B-4BF7-8199-5961768FCAEC}.Release|Any CPU.ActiveCfg = Release|Any CPU
		{5EF07762-137B-4BF7-8199-5961768FCAEC}.Release|Any CPU.Build.0 = Release|Any CPU
		{DAC5B9D4-F7A0-49C5-A4BD-45AFE0E7C6C1}.Debug|Any CPU.ActiveCfg = Debug|Any CPU
		{DAC5B9D4-F7A0-49C5-A4BD-45AFE0E7C6C1}.Debug|Any CPU.Build.0 = Debug|Any CPU
		{DAC5B9D4-F7A0-49C5-A4BD-45AFE0E7C6C1}.Release|Any CPU.ActiveCfg = Release|Any CPU
		{DAC5B9D4-F7A0-49C5-A4BD-45AFE0E7C6C1}.Release|Any CPU.Build.0 = Release|Any CPU
		{76280294-E5E8-4FF8-8943-13B67E7533A1}.Debug|Any CPU.ActiveCfg = Debug|Any CPU
		{76280294-E5E8-4FF8-8943-13B67E7533A1}.Debug|Any CPU.Build.0 = Debug|Any CPU
		{76280294-E5E8-4FF8-8943-13B67E7533A1}.Release|Any CPU.ActiveCfg = Release|Any CPU
		{76280294-E5E8-4FF8-8943-13B67E7533A1}.Release|Any CPU.Build.0 = Release|Any CPU
		{92898B3B-012F-43F0-9044-55D6DE1A4AFB}.Debug|Any CPU.ActiveCfg = Debug|Any CPU
		{92898B3B-012F-43F0-9044-55D6DE1A4AFB}.Debug|Any CPU.Build.0 = Debug|Any CPU
		{92898B3B-012F-43F0-9044-55D6DE1A4AFB}.Release|Any CPU.ActiveCfg = Release|Any CPU
		{92898B3B-012F-43F0-9044-55D6DE1A4AFB}.Release|Any CPU.Build.0 = Release|Any CPU
		{B09C721A-B22E-47A6-BC6B-9CD9155E174A}.Debug|Any CPU.ActiveCfg = Debug|Any CPU
		{B09C721A-B22E-47A6-BC6B-9CD9155E174A}.Debug|Any CPU.Build.0 = Debug|Any CPU
		{B09C721A-B22E-47A6-BC6B-9CD9155E174A}.Release|Any CPU.ActiveCfg = Release|Any CPU
		{B09C721A-B22E-47A6-BC6B-9CD9155E174A}.Release|Any CPU.Build.0 = Release|Any CPU
		{AF0625B5-6811-4393-BD3C-3C9C0FC30D8C}.Debug|Any CPU.ActiveCfg = Debug|Any CPU
		{AF0625B5-6811-4393-BD3C-3C9C0FC30D8C}.Debug|Any CPU.Build.0 = Debug|Any CPU
		{AF0625B5-6811-4393-BD3C-3C9C0FC30D8C}.Release|Any CPU.ActiveCfg = Release|Any CPU
		{AF0625B5-6811-4393-BD3C-3C9C0FC30D8C}.Release|Any CPU.Build.0 = Release|Any CPU
		{FFAB584E-2962-4A9B-82B0-E8309185950A}.Debug|Any CPU.ActiveCfg = Debug|Any CPU
		{FFAB584E-2962-4A9B-82B0-E8309185950A}.Debug|Any CPU.Build.0 = Debug|Any CPU
		{FFAB584E-2962-4A9B-82B0-E8309185950A}.Release|Any CPU.ActiveCfg = Release|Any CPU
		{FFAB584E-2962-4A9B-82B0-E8309185950A}.Release|Any CPU.Build.0 = Release|Any CPU
		{1393F234-B177-4411-BB48-364E6BE597D0}.Debug|Any CPU.ActiveCfg = Debug|Any CPU
		{1393F234-B177-4411-BB48-364E6BE597D0}.Debug|Any CPU.Build.0 = Debug|Any CPU
		{1393F234-B177-4411-BB48-364E6BE597D0}.Release|Any CPU.ActiveCfg = Release|Any CPU
		{1393F234-B177-4411-BB48-364E6BE597D0}.Release|Any CPU.Build.0 = Release|Any CPU
		{A4F5C43F-09C2-4DF4-BBE1-4FA96D17271F}.Debug|Any CPU.ActiveCfg = Debug|Any CPU
		{A4F5C43F-09C2-4DF4-BBE1-4FA96D17271F}.Debug|Any CPU.Build.0 = Debug|Any CPU
		{A4F5C43F-09C2-4DF4-BBE1-4FA96D17271F}.Release|Any CPU.ActiveCfg = Release|Any CPU
		{A4F5C43F-09C2-4DF4-BBE1-4FA96D17271F}.Release|Any CPU.Build.0 = Release|Any CPU
		{5ECCC802-EE9B-468F-B998-AF322356FEA9}.Debug|Any CPU.ActiveCfg = Debug|Any CPU
		{5ECCC802-EE9B-468F-B998-AF322356FEA9}.Debug|Any CPU.Build.0 = Debug|Any CPU
		{5ECCC802-EE9B-468F-B998-AF322356FEA9}.Release|Any CPU.ActiveCfg = Release|Any CPU
		{5ECCC802-EE9B-468F-B998-AF322356FEA9}.Release|Any CPU.Build.0 = Release|Any CPU
		{2F341FE9-F108-4109-BBB4-E7115B0987A5}.Debug|Any CPU.ActiveCfg = Debug|Any CPU
		{2F341FE9-F108-4109-BBB4-E7115B0987A5}.Debug|Any CPU.Build.0 = Debug|Any CPU
		{2F341FE9-F108-4109-BBB4-E7115B0987A5}.Release|Any CPU.ActiveCfg = Release|Any CPU
		{2F341FE9-F108-4109-BBB4-E7115B0987A5}.Release|Any CPU.Build.0 = Release|Any CPU
		{55482891-37C2-4C35-83BE-68100012AE25}.Debug|Any CPU.ActiveCfg = Debug|Any CPU
		{55482891-37C2-4C35-83BE-68100012AE25}.Debug|Any CPU.Build.0 = Debug|Any CPU
		{55482891-37C2-4C35-83BE-68100012AE25}.Release|Any CPU.ActiveCfg = Release|Any CPU
		{55482891-37C2-4C35-83BE-68100012AE25}.Release|Any CPU.Build.0 = Release|Any CPU
		{3F09C69A-33B7-4A85-91C6-516BB3E08771}.Debug|Any CPU.ActiveCfg = Debug|Any CPU
		{3F09C69A-33B7-4A85-91C6-516BB3E08771}.Debug|Any CPU.Build.0 = Debug|Any CPU
		{3F09C69A-33B7-4A85-91C6-516BB3E08771}.Release|Any CPU.ActiveCfg = Release|Any CPU
		{3F09C69A-33B7-4A85-91C6-516BB3E08771}.Release|Any CPU.Build.0 = Release|Any CPU
		{9EA8EB25-C11B-4265-8679-6CFB982548E8}.Debug|Any CPU.ActiveCfg = Debug|Any CPU
		{9EA8EB25-C11B-4265-8679-6CFB982548E8}.Debug|Any CPU.Build.0 = Debug|Any CPU
		{9EA8EB25-C11B-4265-8679-6CFB982548E8}.Release|Any CPU.ActiveCfg = Release|Any CPU
		{9EA8EB25-C11B-4265-8679-6CFB982548E8}.Release|Any CPU.Build.0 = Release|Any CPU
		{3F19F820-77D7-4FEB-97DC-5AF602400B80}.Debug|Any CPU.ActiveCfg = Debug|Any CPU
		{3F19F820-77D7-4FEB-97DC-5AF602400B80}.Debug|Any CPU.Build.0 = Debug|Any CPU
		{3F19F820-77D7-4FEB-97DC-5AF602400B80}.Release|Any CPU.ActiveCfg = Release|Any CPU
		{3F19F820-77D7-4FEB-97DC-5AF602400B80}.Release|Any CPU.Build.0 = Release|Any CPU
		{24964543-9286-4D4B-8CBA-F15B61E3BDF6}.Debug|Any CPU.ActiveCfg = Debug|Any CPU
		{24964543-9286-4D4B-8CBA-F15B61E3BDF6}.Debug|Any CPU.Build.0 = Debug|Any CPU
		{24964543-9286-4D4B-8CBA-F15B61E3BDF6}.Release|Any CPU.ActiveCfg = Release|Any CPU
		{24964543-9286-4D4B-8CBA-F15B61E3BDF6}.Release|Any CPU.Build.0 = Release|Any CPU
		{21605D9D-A85D-458A-9D38-0EF57EA7BF64}.Debug|Any CPU.ActiveCfg = Debug|Any CPU
		{21605D9D-A85D-458A-9D38-0EF57EA7BF64}.Debug|Any CPU.Build.0 = Debug|Any CPU
		{21605D9D-A85D-458A-9D38-0EF57EA7BF64}.Release|Any CPU.ActiveCfg = Release|Any CPU
		{21605D9D-A85D-458A-9D38-0EF57EA7BF64}.Release|Any CPU.Build.0 = Release|Any CPU
		{30186AB2-8F35-469D-9917-DA2FA80CC3F8}.Debug|Any CPU.ActiveCfg = Debug|Any CPU
		{30186AB2-8F35-469D-9917-DA2FA80CC3F8}.Debug|Any CPU.Build.0 = Debug|Any CPU
		{30186AB2-8F35-469D-9917-DA2FA80CC3F8}.Release|Any CPU.ActiveCfg = Release|Any CPU
		{30186AB2-8F35-469D-9917-DA2FA80CC3F8}.Release|Any CPU.Build.0 = Release|Any CPU
		{07E140FE-7D72-4138-80D6-781E712ACB0A}.Debug|Any CPU.ActiveCfg = Debug|Any CPU
		{07E140FE-7D72-4138-80D6-781E712ACB0A}.Debug|Any CPU.Build.0 = Debug|Any CPU
		{07E140FE-7D72-4138-80D6-781E712ACB0A}.Release|Any CPU.ActiveCfg = Release|Any CPU
		{07E140FE-7D72-4138-80D6-781E712ACB0A}.Release|Any CPU.Build.0 = Release|Any CPU
		{87D88B8D-17B5-4FB4-B7BD-AAA2D2FFB4A1}.Debug|Any CPU.ActiveCfg = Debug|Any CPU
		{87D88B8D-17B5-4FB4-B7BD-AAA2D2FFB4A1}.Debug|Any CPU.Build.0 = Debug|Any CPU
		{87D88B8D-17B5-4FB4-B7BD-AAA2D2FFB4A1}.Release|Any CPU.ActiveCfg = Release|Any CPU
		{87D88B8D-17B5-4FB4-B7BD-AAA2D2FFB4A1}.Release|Any CPU.Build.0 = Release|Any CPU
		{C0829B5D-153B-4EFE-A692-E53354326FE4}.Debug|Any CPU.ActiveCfg = Debug|Any CPU
		{C0829B5D-153B-4EFE-A692-E53354326FE4}.Debug|Any CPU.Build.0 = Debug|Any CPU
		{C0829B5D-153B-4EFE-A692-E53354326FE4}.Release|Any CPU.ActiveCfg = Release|Any CPU
		{C0829B5D-153B-4EFE-A692-E53354326FE4}.Release|Any CPU.Build.0 = Release|Any CPU
		{EE3BF5CE-F5DD-4D3B-B696-12C5A1EF1AF4}.Debug|Any CPU.ActiveCfg = Debug|Any CPU
		{EE3BF5CE-F5DD-4D3B-B696-12C5A1EF1AF4}.Debug|Any CPU.Build.0 = Debug|Any CPU
		{EE3BF5CE-F5DD-4D3B-B696-12C5A1EF1AF4}.Release|Any CPU.ActiveCfg = Release|Any CPU
		{EE3BF5CE-F5DD-4D3B-B696-12C5A1EF1AF4}.Release|Any CPU.Build.0 = Release|Any CPU
		{00851E14-33BE-4F64-91D1-E27FA48422BD}.Debug|Any CPU.ActiveCfg = Debug|Any CPU
		{00851E14-33BE-4F64-91D1-E27FA48422BD}.Debug|Any CPU.Build.0 = Debug|Any CPU
		{00851E14-33BE-4F64-91D1-E27FA48422BD}.Release|Any CPU.ActiveCfg = Release|Any CPU
		{00851E14-33BE-4F64-91D1-E27FA48422BD}.Release|Any CPU.Build.0 = Release|Any CPU
		{68C066E6-C31A-454C-845F-F2BF1693F76D}.Debug|Any CPU.ActiveCfg = Debug|Any CPU
		{68C066E6-C31A-454C-845F-F2BF1693F76D}.Debug|Any CPU.Build.0 = Debug|Any CPU
		{68C066E6-C31A-454C-845F-F2BF1693F76D}.Release|Any CPU.ActiveCfg = Release|Any CPU
		{68C066E6-C31A-454C-845F-F2BF1693F76D}.Release|Any CPU.Build.0 = Release|Any CPU
		{D610496E-A291-4EB5-A7B0-B6A693D485BE}.Debug|Any CPU.ActiveCfg = Debug|Any CPU
		{D610496E-A291-4EB5-A7B0-B6A693D485BE}.Debug|Any CPU.Build.0 = Debug|Any CPU
		{D610496E-A291-4EB5-A7B0-B6A693D485BE}.Release|Any CPU.ActiveCfg = Release|Any CPU
		{D610496E-A291-4EB5-A7B0-B6A693D485BE}.Release|Any CPU.Build.0 = Release|Any CPU
		{5DABFCE6-02A6-428C-BB67-0A2C23B0A189}.Debug|Any CPU.ActiveCfg = Debug|Any CPU
		{5DABFCE6-02A6-428C-BB67-0A2C23B0A189}.Debug|Any CPU.Build.0 = Debug|Any CPU
		{5DABFCE6-02A6-428C-BB67-0A2C23B0A189}.Release|Any CPU.ActiveCfg = Release|Any CPU
		{5DABFCE6-02A6-428C-BB67-0A2C23B0A189}.Release|Any CPU.Build.0 = Release|Any CPU
		{52768AA8-2EBF-4660-B7A4-277A3D8842BC}.Debug|Any CPU.ActiveCfg = Debug|Any CPU
		{52768AA8-2EBF-4660-B7A4-277A3D8842BC}.Debug|Any CPU.Build.0 = Debug|Any CPU
		{52768AA8-2EBF-4660-B7A4-277A3D8842BC}.Release|Any CPU.ActiveCfg = Release|Any CPU
		{52768AA8-2EBF-4660-B7A4-277A3D8842BC}.Release|Any CPU.Build.0 = Release|Any CPU
		{9C5C1039-A135-4D87-9E41-70BBEE4D6E1A}.Debug|Any CPU.ActiveCfg = Debug|Any CPU
		{9C5C1039-A135-4D87-9E41-70BBEE4D6E1A}.Debug|Any CPU.Build.0 = Debug|Any CPU
		{9C5C1039-A135-4D87-9E41-70BBEE4D6E1A}.Release|Any CPU.ActiveCfg = Release|Any CPU
		{9C5C1039-A135-4D87-9E41-70BBEE4D6E1A}.Release|Any CPU.Build.0 = Release|Any CPU
		{A59B602C-0A86-48F6-944D-CE7C675F99DD}.Debug|Any CPU.ActiveCfg = Debug|Any CPU
		{A59B602C-0A86-48F6-944D-CE7C675F99DD}.Debug|Any CPU.Build.0 = Debug|Any CPU
		{A59B602C-0A86-48F6-944D-CE7C675F99DD}.Release|Any CPU.ActiveCfg = Release|Any CPU
		{A59B602C-0A86-48F6-944D-CE7C675F99DD}.Release|Any CPU.Build.0 = Release|Any CPU
		{C693926B-45CB-486C-8A05-7A0C8B8FCF3E}.Debug|Any CPU.ActiveCfg = Debug|Any CPU
		{C693926B-45CB-486C-8A05-7A0C8B8FCF3E}.Debug|Any CPU.Build.0 = Debug|Any CPU
		{C693926B-45CB-486C-8A05-7A0C8B8FCF3E}.Release|Any CPU.ActiveCfg = Release|Any CPU
		{C693926B-45CB-486C-8A05-7A0C8B8FCF3E}.Release|Any CPU.Build.0 = Release|Any CPU
		{680A0E79-828B-4284-9AF8-32BCF09D62CF}.Debug|Any CPU.ActiveCfg = Debug|Any CPU
		{680A0E79-828B-4284-9AF8-32BCF09D62CF}.Debug|Any CPU.Build.0 = Debug|Any CPU
		{680A0E79-828B-4284-9AF8-32BCF09D62CF}.Release|Any CPU.ActiveCfg = Release|Any CPU
		{680A0E79-828B-4284-9AF8-32BCF09D62CF}.Release|Any CPU.Build.0 = Release|Any CPU
		{53407BD1-77B6-47D6-B77D-19F2282C6173}.Debug|Any CPU.ActiveCfg = Debug|Any CPU
		{53407BD1-77B6-47D6-B77D-19F2282C6173}.Debug|Any CPU.Build.0 = Debug|Any CPU
		{53407BD1-77B6-47D6-B77D-19F2282C6173}.Release|Any CPU.ActiveCfg = Release|Any CPU
		{53407BD1-77B6-47D6-B77D-19F2282C6173}.Release|Any CPU.Build.0 = Release|Any CPU
		{65F8DF91-8593-4B33-BDBF-2DEBB43CEE2E}.Debug|Any CPU.ActiveCfg = Debug|Any CPU
		{65F8DF91-8593-4B33-BDBF-2DEBB43CEE2E}.Debug|Any CPU.Build.0 = Debug|Any CPU
		{65F8DF91-8593-4B33-BDBF-2DEBB43CEE2E}.Release|Any CPU.ActiveCfg = Release|Any CPU
		{65F8DF91-8593-4B33-BDBF-2DEBB43CEE2E}.Release|Any CPU.Build.0 = Release|Any CPU
		{3C44767F-B6AB-4ADD-87F7-EF28051F5FD3}.Debug|Any CPU.ActiveCfg = Debug|Any CPU
		{3C44767F-B6AB-4ADD-87F7-EF28051F5FD3}.Debug|Any CPU.Build.0 = Debug|Any CPU
		{3C44767F-B6AB-4ADD-87F7-EF28051F5FD3}.Release|Any CPU.ActiveCfg = Release|Any CPU
		{3C44767F-B6AB-4ADD-87F7-EF28051F5FD3}.Release|Any CPU.Build.0 = Release|Any CPU
		{9FA823D4-27DA-4512-9C59-ECB1E03BAFA8}.Debug|Any CPU.ActiveCfg = Debug|Any CPU
		{9FA823D4-27DA-4512-9C59-ECB1E03BAFA8}.Debug|Any CPU.Build.0 = Debug|Any CPU
		{9FA823D4-27DA-4512-9C59-ECB1E03BAFA8}.Release|Any CPU.ActiveCfg = Release|Any CPU
		{9FA823D4-27DA-4512-9C59-ECB1E03BAFA8}.Release|Any CPU.Build.0 = Release|Any CPU
		{41B6892E-A074-43A5-BF29-6E0AD659CE67}.Debug|Any CPU.ActiveCfg = Debug|Any CPU
		{41B6892E-A074-43A5-BF29-6E0AD659CE67}.Debug|Any CPU.Build.0 = Debug|Any CPU
		{41B6892E-A074-43A5-BF29-6E0AD659CE67}.Release|Any CPU.ActiveCfg = Release|Any CPU
		{41B6892E-A074-43A5-BF29-6E0AD659CE67}.Release|Any CPU.Build.0 = Release|Any CPU
		{661D09CE-C255-4086-B88A-EDC5028EB795}.Debug|Any CPU.ActiveCfg = Debug|Any CPU
		{661D09CE-C255-4086-B88A-EDC5028EB795}.Debug|Any CPU.Build.0 = Debug|Any CPU
		{661D09CE-C255-4086-B88A-EDC5028EB795}.Release|Any CPU.ActiveCfg = Release|Any CPU
		{661D09CE-C255-4086-B88A-EDC5028EB795}.Release|Any CPU.Build.0 = Release|Any CPU
		{6FCEA8AB-D629-468E-B0D2-C7F006AF41A0}.Debug|Any CPU.ActiveCfg = Debug|Any CPU
		{6FCEA8AB-D629-468E-B0D2-C7F006AF41A0}.Debug|Any CPU.Build.0 = Debug|Any CPU
		{6FCEA8AB-D629-468E-B0D2-C7F006AF41A0}.Release|Any CPU.ActiveCfg = Release|Any CPU
		{6FCEA8AB-D629-468E-B0D2-C7F006AF41A0}.Release|Any CPU.Build.0 = Release|Any CPU
		{0C94EB6A-E1DD-4791-B7F3-AA1E86AB9231}.Debug|Any CPU.ActiveCfg = Debug|Any CPU
		{0C94EB6A-E1DD-4791-B7F3-AA1E86AB9231}.Debug|Any CPU.Build.0 = Debug|Any CPU
		{0C94EB6A-E1DD-4791-B7F3-AA1E86AB9231}.Release|Any CPU.ActiveCfg = Release|Any CPU
		{0C94EB6A-E1DD-4791-B7F3-AA1E86AB9231}.Release|Any CPU.Build.0 = Release|Any CPU
		{4ECA9E43-64D4-49CD-B9C2-205316C0E7B1}.Debug|Any CPU.ActiveCfg = Debug|Any CPU
		{4ECA9E43-64D4-49CD-B9C2-205316C0E7B1}.Debug|Any CPU.Build.0 = Debug|Any CPU
		{4ECA9E43-64D4-49CD-B9C2-205316C0E7B1}.Release|Any CPU.ActiveCfg = Release|Any CPU
		{4ECA9E43-64D4-49CD-B9C2-205316C0E7B1}.Release|Any CPU.Build.0 = Release|Any CPU
		{241CF9BE-3BED-4155-9784-59C14EAF6515}.Debug|Any CPU.ActiveCfg = Debug|Any CPU
		{241CF9BE-3BED-4155-9784-59C14EAF6515}.Debug|Any CPU.Build.0 = Debug|Any CPU
		{241CF9BE-3BED-4155-9784-59C14EAF6515}.Release|Any CPU.ActiveCfg = Release|Any CPU
		{241CF9BE-3BED-4155-9784-59C14EAF6515}.Release|Any CPU.Build.0 = Release|Any CPU
		{AEBA83D2-BFAE-4A1D-B538-08F5460EC409}.Debug|Any CPU.ActiveCfg = Debug|Any CPU
		{AEBA83D2-BFAE-4A1D-B538-08F5460EC409}.Debug|Any CPU.Build.0 = Debug|Any CPU
		{AEBA83D2-BFAE-4A1D-B538-08F5460EC409}.Release|Any CPU.ActiveCfg = Release|Any CPU
		{AEBA83D2-BFAE-4A1D-B538-08F5460EC409}.Release|Any CPU.Build.0 = Release|Any CPU
		{A5AE1E90-BF3D-4B74-9046-E932207AC709}.Debug|Any CPU.ActiveCfg = Debug|Any CPU
		{A5AE1E90-BF3D-4B74-9046-E932207AC709}.Debug|Any CPU.Build.0 = Debug|Any CPU
		{A5AE1E90-BF3D-4B74-9046-E932207AC709}.Release|Any CPU.ActiveCfg = Release|Any CPU
		{A5AE1E90-BF3D-4B74-9046-E932207AC709}.Release|Any CPU.Build.0 = Release|Any CPU
		{736FC43F-5A58-4C27-B194-37E40301CFBC}.Debug|Any CPU.ActiveCfg = Debug|Any CPU
		{736FC43F-5A58-4C27-B194-37E40301CFBC}.Debug|Any CPU.Build.0 = Debug|Any CPU
		{736FC43F-5A58-4C27-B194-37E40301CFBC}.Release|Any CPU.ActiveCfg = Release|Any CPU
		{736FC43F-5A58-4C27-B194-37E40301CFBC}.Release|Any CPU.Build.0 = Release|Any CPU
		{52F39EC0-1DBB-4D9C-B9D2-53BD254E66DF}.Debug|Any CPU.ActiveCfg = Debug|Any CPU
		{52F39EC0-1DBB-4D9C-B9D2-53BD254E66DF}.Debug|Any CPU.Build.0 = Debug|Any CPU
		{52F39EC0-1DBB-4D9C-B9D2-53BD254E66DF}.Release|Any CPU.ActiveCfg = Release|Any CPU
		{52F39EC0-1DBB-4D9C-B9D2-53BD254E66DF}.Release|Any CPU.Build.0 = Release|Any CPU
		{4586C0D0-A123-4049-84DF-6A050A78D60B}.Debug|Any CPU.ActiveCfg = Debug|Any CPU
		{4586C0D0-A123-4049-84DF-6A050A78D60B}.Debug|Any CPU.Build.0 = Debug|Any CPU
		{4586C0D0-A123-4049-84DF-6A050A78D60B}.Release|Any CPU.ActiveCfg = Release|Any CPU
		{4586C0D0-A123-4049-84DF-6A050A78D60B}.Release|Any CPU.Build.0 = Release|Any CPU
		{A3DA3672-1F5A-44EB-8001-A19C7C97FE73}.Debug|Any CPU.ActiveCfg = Debug|Any CPU
		{A3DA3672-1F5A-44EB-8001-A19C7C97FE73}.Debug|Any CPU.Build.0 = Debug|Any CPU
		{A3DA3672-1F5A-44EB-8001-A19C7C97FE73}.Release|Any CPU.ActiveCfg = Release|Any CPU
		{A3DA3672-1F5A-44EB-8001-A19C7C97FE73}.Release|Any CPU.Build.0 = Release|Any CPU
		{DE44B659-81A7-4E91-9B56-D0D811BC77FA}.Debug|Any CPU.ActiveCfg = Debug|Any CPU
		{DE44B659-81A7-4E91-9B56-D0D811BC77FA}.Debug|Any CPU.Build.0 = Debug|Any CPU
		{DE44B659-81A7-4E91-9B56-D0D811BC77FA}.Release|Any CPU.ActiveCfg = Release|Any CPU
		{DE44B659-81A7-4E91-9B56-D0D811BC77FA}.Release|Any CPU.Build.0 = Release|Any CPU
	EndGlobalSection
	GlobalSection(SolutionProperties) = preSolution
		HideSolutionNode = FALSE
	EndGlobalSection
	GlobalSection(NestedProjects) = preSolution
		{91481B08-E437-474D-9793-A135F1DB465C} = {326F0792-00AF-4D82-B170-4CE248D4A975}
		{957A9B48-FEFD-4874-8D36-D082EEA7F750} = {56FB2203-E4D8-428D-938B-7251897BE1D0}
		{D4DEADFC-53EA-4477-8798-DA625A98285B} = {C66BF91A-FD6A-4F8E-BAF1-B8E7040D4B1F}
		{CE99B536-50DF-4CC8-A61A-6BE5F525E809} = {9A3EA0C7-2DD3-4A32-ADED-527F45DC0526}
		{8D5FB7D2-8960-4BF7-938E-2EC9584BDEC5} = {CE99B536-50DF-4CC8-A61A-6BE5F525E809}
		{E9AEACB2-D6E8-4F61-AF63-3578F9831594} = {CE99B536-50DF-4CC8-A61A-6BE5F525E809}
		{895E4A3C-99D4-4E2E-872C-7479140D0CF5} = {CE99B536-50DF-4CC8-A61A-6BE5F525E809}
		{FF79ECB2-9A11-45BA-BE08-E6D4471E7A0F} = {CE99B536-50DF-4CC8-A61A-6BE5F525E809}
		{F2986071-08CD-42DE-98FA-57E6FCE729C5} = {CE99B536-50DF-4CC8-A61A-6BE5F525E809}
		{1EDCBAB3-DA52-40B1-998B-88F878FF2875} = {CE99B536-50DF-4CC8-A61A-6BE5F525E809}
		{09E35860-D69E-42A0-AABD-A7431F283C97} = {456527A3-2BE8-4010-8AC6-187539CE484D}
		{D4607E8C-A5D2-423A-8C78-56B188C567ED} = {326F0792-00AF-4D82-B170-4CE248D4A975}
		{A9148D58-0F0E-43E7-8A11-A9F9BB04333C} = {326F0792-00AF-4D82-B170-4CE248D4A975}
		{61DD96B7-BF13-4C48-9353-08F2F907048E} = {17CFFCB7-A83F-405D-969E-CC1396850E26}
		{3386EF17-A701-407B-8643-62F6BCEA5A88} = {A188EE1B-B81C-4698-B872-CB072E73525D}
		{DC38D50D-1F5F-44C8-A273-6C57CF26974C} = {3386EF17-A701-407B-8643-62F6BCEA5A88}
		{5EF07762-137B-4BF7-8199-5961768FCAEC} = {2E1A0EFD-CAFD-4EA0-B91F-0F3A81EBD94E}
		{DAC5B9D4-F7A0-49C5-A4BD-45AFE0E7C6C1} = {2E1A0EFD-CAFD-4EA0-B91F-0F3A81EBD94E}
		{76280294-E5E8-4FF8-8943-13B67E7533A1} = {2E1A0EFD-CAFD-4EA0-B91F-0F3A81EBD94E}
		{92898B3B-012F-43F0-9044-55D6DE1A4AFB} = {456527A3-2BE8-4010-8AC6-187539CE484D}
		{B09C721A-B22E-47A6-BC6B-9CD9155E174A} = {456527A3-2BE8-4010-8AC6-187539CE484D}
		{AF0625B5-6811-4393-BD3C-3C9C0FC30D8C} = {3386EF17-A701-407B-8643-62F6BCEA5A88}
		{46A39F60-B004-42FB-AF3D-695A0BB2FE39} = {A188EE1B-B81C-4698-B872-CB072E73525D}
		{FFAB584E-2962-4A9B-82B0-E8309185950A} = {46A39F60-B004-42FB-AF3D-695A0BB2FE39}
		{1393F234-B177-4411-BB48-364E6BE597D0} = {46A39F60-B004-42FB-AF3D-695A0BB2FE39}
		{A4F5C43F-09C2-4DF4-BBE1-4FA96D17271F} = {2E1A0EFD-CAFD-4EA0-B91F-0F3A81EBD94E}
		{5ECCC802-EE9B-468F-B998-AF322356FEA9} = {2E1A0EFD-CAFD-4EA0-B91F-0F3A81EBD94E}
		{2F341FE9-F108-4109-BBB4-E7115B0987A5} = {2E1A0EFD-CAFD-4EA0-B91F-0F3A81EBD94E}
		{55482891-37C2-4C35-83BE-68100012AE25} = {456527A3-2BE8-4010-8AC6-187539CE484D}
		{3F09C69A-33B7-4A85-91C6-516BB3E08771} = {456527A3-2BE8-4010-8AC6-187539CE484D}
		{C54D8652-45CD-40D2-8852-CB3190141F3F} = {56FB2203-E4D8-428D-938B-7251897BE1D0}
		{9EA8EB25-C11B-4265-8679-6CFB982548E8} = {C54D8652-45CD-40D2-8852-CB3190141F3F}
		{AE597B1B-B247-4D9C-9D3D-59A45EEE007A} = {A188EE1B-B81C-4698-B872-CB072E73525D}
		{3F19F820-77D7-4FEB-97DC-5AF602400B80} = {AE597B1B-B247-4D9C-9D3D-59A45EEE007A}
		{24964543-9286-4D4B-8CBA-F15B61E3BDF6} = {AE597B1B-B247-4D9C-9D3D-59A45EEE007A}
		{21605D9D-A85D-458A-9D38-0EF57EA7BF64} = {2E1A0EFD-CAFD-4EA0-B91F-0F3A81EBD94E}
		{30186AB2-8F35-469D-9917-DA2FA80CC3F8} = {456527A3-2BE8-4010-8AC6-187539CE484D}
		{AAAD30FC-9422-4033-A443-18F4C8F37E85} = {A188EE1B-B81C-4698-B872-CB072E73525D}
		{07E140FE-7D72-4138-80D6-781E712ACB0A} = {AAAD30FC-9422-4033-A443-18F4C8F37E85}
		{87D88B8D-17B5-4FB4-B7BD-AAA2D2FFB4A1} = {456527A3-2BE8-4010-8AC6-187539CE484D}
		{C0829B5D-153B-4EFE-A692-E53354326FE4} = {3386EF17-A701-407B-8643-62F6BCEA5A88}
		{EE3BF5CE-F5DD-4D3B-B696-12C5A1EF1AF4} = {2E1A0EFD-CAFD-4EA0-B91F-0F3A81EBD94E}
		{00851E14-33BE-4F64-91D1-E27FA48422BD} = {456527A3-2BE8-4010-8AC6-187539CE484D}
		{A07C34A2-2A1E-434D-8ABE-DEEE09CCF4AB} = {A188EE1B-B81C-4698-B872-CB072E73525D}
		{68C066E6-C31A-454C-845F-F2BF1693F76D} = {2E1A0EFD-CAFD-4EA0-B91F-0F3A81EBD94E}
		{D610496E-A291-4EB5-A7B0-B6A693D485BE} = {326F0792-00AF-4D82-B170-4CE248D4A975}
		{032D71EF-ACF5-4268-AC43-7D18DDD55B06} = {A188EE1B-B81C-4698-B872-CB072E73525D}
		{5DABFCE6-02A6-428C-BB67-0A2C23B0A189} = {032D71EF-ACF5-4268-AC43-7D18DDD55B06}
		{6A8FCE0F-CE35-48A7-8221-38104FF32EEB} = {9A3EA0C7-2DD3-4A32-ADED-527F45DC0526}
		{52768AA8-2EBF-4660-B7A4-277A3D8842BC} = {6A8FCE0F-CE35-48A7-8221-38104FF32EEB}
		{9C5C1039-A135-4D87-9E41-70BBEE4D6E1A} = {326F0792-00AF-4D82-B170-4CE248D4A975}
		{A59B602C-0A86-48F6-944D-CE7C675F99DD} = {456527A3-2BE8-4010-8AC6-187539CE484D}
		{C693926B-45CB-486C-8A05-7A0C8B8FCF3E} = {2E1A0EFD-CAFD-4EA0-B91F-0F3A81EBD94E}
		{680A0E79-828B-4284-9AF8-32BCF09D62CF} = {326F0792-00AF-4D82-B170-4CE248D4A975}
		{53407BD1-77B6-47D6-B77D-19F2282C6173} = {456527A3-2BE8-4010-8AC6-187539CE484D}
		{65F8DF91-8593-4B33-BDBF-2DEBB43CEE2E} = {FC61D761-EDCC-4BEF-9B3B-06957ACCFAE6}
		{3C44767F-B6AB-4ADD-87F7-EF28051F5FD3} = {FC61D761-EDCC-4BEF-9B3B-06957ACCFAE6}
		{9FA823D4-27DA-4512-9C59-ECB1E03BAFA8} = {FC61D761-EDCC-4BEF-9B3B-06957ACCFAE6}
		{17B02449-1F07-4B2E-AD19-E20F35FEB9E9} = {17CFFCB7-A83F-405D-969E-CC1396850E26}
		{41B6892E-A074-43A5-BF29-6E0AD659CE67} = {17B02449-1F07-4B2E-AD19-E20F35FEB9E9}
		{661D09CE-C255-4086-B88A-EDC5028EB795} = {17B02449-1F07-4B2E-AD19-E20F35FEB9E9}
		{6FCEA8AB-D629-468E-B0D2-C7F006AF41A0} = {456527A3-2BE8-4010-8AC6-187539CE484D}
		{0C94EB6A-E1DD-4791-B7F3-AA1E86AB9231} = {456527A3-2BE8-4010-8AC6-187539CE484D}
		{4ECA9E43-64D4-49CD-B9C2-205316C0E7B1} = {456527A3-2BE8-4010-8AC6-187539CE484D}
		{241CF9BE-3BED-4155-9784-59C14EAF6515} = {456527A3-2BE8-4010-8AC6-187539CE484D}
		{AEBA83D2-BFAE-4A1D-B538-08F5460EC409} = {2E1A0EFD-CAFD-4EA0-B91F-0F3A81EBD94E}
		{A5AE1E90-BF3D-4B74-9046-E932207AC709} = {456527A3-2BE8-4010-8AC6-187539CE484D}
		{736FC43F-5A58-4C27-B194-37E40301CFBC} = {326F0792-00AF-4D82-B170-4CE248D4A975}
		{52F39EC0-1DBB-4D9C-B9D2-53BD254E66DF} = {456527A3-2BE8-4010-8AC6-187539CE484D}
		{4586C0D0-A123-4049-84DF-6A050A78D60B} = {2E1A0EFD-CAFD-4EA0-B91F-0F3A81EBD94E}
		{A3DA3672-1F5A-44EB-8001-A19C7C97FE73} = {2E1A0EFD-CAFD-4EA0-B91F-0F3A81EBD94E}
		{DE44B659-81A7-4E91-9B56-D0D811BC77FA} = {2E1A0EFD-CAFD-4EA0-B91F-0F3A81EBD94E}
	EndGlobalSection
	GlobalSection(ExtensibilityGlobals) = postSolution
		SolutionGuid = {B9B0FB86-8E35-4689-8547-81554B0D7A92}
	EndGlobalSection
EndGlobal
