
Microsoft Visual Studio Solution File, Format Version 12.00
# Visual Studio 14
VisualStudioVersion = 14.0.25420.1
MinimumVisualStudioVersion = 10.0.40219.1
Project("{2150E333-8FDC-42A3-9474-1A3956D46DE8}") = "Core", "Core", "{326F0792-00AF-4D82-B170-4CE248D4A975}"
EndProject
Project("{FAE04EC0-301F-11D3-BF4B-00C04F79EFBC}") = "Elsa.Core.Entities", "Elsa.Core.Entities.Commerce\Elsa.Core.Entities.csproj", "{91481B08-E437-474D-9793-A135F1DB465C}"
EndProject
Project("{2150E333-8FDC-42A3-9474-1A3956D46DE8}") = "Test", "Test", "{56FB2203-E4D8-428D-938B-7251897BE1D0}"
EndProject
Project("{FAE04EC0-301F-11D3-BF4B-00C04F79EFBC}") = "ConsoleApplication1", "ConsoleApplication1\ConsoleApplication1.csproj", "{957A9B48-FEFD-4874-8D36-D082EEA7F750}"
EndProject
Project("{2150E333-8FDC-42A3-9474-1A3956D46DE8}") = "Presentation", "Presentation", "{C66BF91A-FD6A-4F8E-BAF1-B8E7040D4B1F}"
EndProject
Project("{FAE04EC0-301F-11D3-BF4B-00C04F79EFBC}") = "Elsa.Portal", "Elsa.Portal\Elsa.Portal.csproj", "{D4DEADFC-53EA-4477-8798-DA625A98285B}"
EndProject
Project("{2150E333-8FDC-42A3-9474-1A3956D46DE8}") = "Libraries", "Libraries", "{9A3EA0C7-2DD3-4A32-ADED-527F45DC0526}"
EndProject
Project("{2150E333-8FDC-42A3-9474-1A3956D46DE8}") = "Robowire", "Robowire", "{CE99B536-50DF-4CC8-A61A-6BE5F525E809}"
EndProject
Project("{FAE04EC0-301F-11D3-BF4B-00C04F79EFBC}") = "CodeGeneration", "..\Robowire\Robowire\CodeGeneration\CodeGeneration.csproj", "{8D5FB7D2-8960-4BF7-938E-2EC9584BDEC5}"
EndProject
Project("{FAE04EC0-301F-11D3-BF4B-00C04F79EFBC}") = "Robowire.Common.Expressions", "..\Robowire\Robowire\Robowire.Common.Expressions\Robowire.Common.Expressions.csproj", "{E9AEACB2-D6E8-4F61-AF63-3578F9831594}"
EndProject
Project("{FAE04EC0-301F-11D3-BF4B-00C04F79EFBC}") = "Robowire.RoboApi", "..\Robowire\Robowire\Robowire.RoboApi\Robowire.RoboApi.csproj", "{895E4A3C-99D4-4E2E-872C-7479140D0CF5}"
EndProject
Project("{FAE04EC0-301F-11D3-BF4B-00C04F79EFBC}") = "Robowire.RobOrm.Core", "..\Robowire\Robowire\Robowire.RobOrm.Core\Robowire.RobOrm.Core.csproj", "{FF79ECB2-9A11-45BA-BE08-E6D4471E7A0F}"
EndProject
Project("{FAE04EC0-301F-11D3-BF4B-00C04F79EFBC}") = "Robowire.RobOrm.SqlServer", "..\Robowire\Robowire\Robowire.RobOrm.SqlServer\Robowire.RobOrm.SqlServer.csproj", "{F2986071-08CD-42DE-98FA-57E6FCE729C5}"
EndProject
Project("{2150E333-8FDC-42A3-9474-1A3956D46DE8}") = "Lanta", "Lanta", "{F6D3760D-81CA-4526-9232-BD9FF5237E35}"
EndProject
Project("{FAE04EC0-301F-11D3-BF4B-00C04F79EFBC}") = "Lanta", "..\Lanta\Lanta\Lanta\Lanta.csproj", "{E68CF298-B028-4722-BE2D-C7DE3512A01D}"
EndProject
Project("{FAE04EC0-301F-11D3-BF4B-00C04F79EFBC}") = "Robowire", "..\Robowire\Robowire\RobowireCore\Robowire.csproj", "{1EDCBAB3-DA52-40B1-998B-88F878FF2875}"
EndProject
Project("{2150E333-8FDC-42A3-9474-1A3956D46DE8}") = "WebApps", "WebApps", "{456527A3-2BE8-4010-8AC6-187539CE484D}"
EndProject
Project("{FAE04EC0-301F-11D3-BF4B-00C04F79EFBC}") = "Elsa.App.Profile", "Elsa.App.Profile\Elsa.App.Profile.csproj", "{09E35860-D69E-42A0-AABD-A7431F283C97}"
EndProject
Project("{FAE04EC0-301F-11D3-BF4B-00C04F79EFBC}") = "Elsa.Common", "Elsa.Common\Elsa.Common.csproj", "{D4607E8C-A5D2-423A-8C78-56B188C567ED}"
EndProject
Project("{FAE04EC0-301F-11D3-BF4B-00C04F79EFBC}") = "Elsa.Users", "Elsa.Users\Elsa.Users.csproj", "{A9148D58-0F0E-43E7-8A11-A9F9BB04333C}"
EndProject
Global
	GlobalSection(SolutionConfigurationPlatforms) = preSolution
		Debug|Any CPU = Debug|Any CPU
		Release|Any CPU = Release|Any CPU
	EndGlobalSection
	GlobalSection(ProjectConfigurationPlatforms) = postSolution
		{91481B08-E437-474D-9793-A135F1DB465C}.Debug|Any CPU.ActiveCfg = Debug|Any CPU
		{91481B08-E437-474D-9793-A135F1DB465C}.Debug|Any CPU.Build.0 = Debug|Any CPU
		{91481B08-E437-474D-9793-A135F1DB465C}.Release|Any CPU.ActiveCfg = Release|Any CPU
		{91481B08-E437-474D-9793-A135F1DB465C}.Release|Any CPU.Build.0 = Release|Any CPU
		{957A9B48-FEFD-4874-8D36-D082EEA7F750}.Debug|Any CPU.ActiveCfg = Debug|Any CPU
		{957A9B48-FEFD-4874-8D36-D082EEA7F750}.Debug|Any CPU.Build.0 = Debug|Any CPU
		{957A9B48-FEFD-4874-8D36-D082EEA7F750}.Release|Any CPU.ActiveCfg = Release|Any CPU
		{957A9B48-FEFD-4874-8D36-D082EEA7F750}.Release|Any CPU.Build.0 = Release|Any CPU
		{D4DEADFC-53EA-4477-8798-DA625A98285B}.Debug|Any CPU.ActiveCfg = Debug|Any CPU
		{D4DEADFC-53EA-4477-8798-DA625A98285B}.Debug|Any CPU.Build.0 = Debug|Any CPU
		{D4DEADFC-53EA-4477-8798-DA625A98285B}.Release|Any CPU.ActiveCfg = Release|Any CPU
		{D4DEADFC-53EA-4477-8798-DA625A98285B}.Release|Any CPU.Build.0 = Release|Any CPU
		{8D5FB7D2-8960-4BF7-938E-2EC9584BDEC5}.Debug|Any CPU.ActiveCfg = Debug|Any CPU
		{8D5FB7D2-8960-4BF7-938E-2EC9584BDEC5}.Debug|Any CPU.Build.0 = Debug|Any CPU
		{8D5FB7D2-8960-4BF7-938E-2EC9584BDEC5}.Release|Any CPU.ActiveCfg = Release|Any CPU
		{8D5FB7D2-8960-4BF7-938E-2EC9584BDEC5}.Release|Any CPU.Build.0 = Release|Any CPU
		{E9AEACB2-D6E8-4F61-AF63-3578F9831594}.Debug|Any CPU.ActiveCfg = Debug|Any CPU
		{E9AEACB2-D6E8-4F61-AF63-3578F9831594}.Debug|Any CPU.Build.0 = Debug|Any CPU
		{E9AEACB2-D6E8-4F61-AF63-3578F9831594}.Release|Any CPU.ActiveCfg = Release|Any CPU
		{E9AEACB2-D6E8-4F61-AF63-3578F9831594}.Release|Any CPU.Build.0 = Release|Any CPU
		{895E4A3C-99D4-4E2E-872C-7479140D0CF5}.Debug|Any CPU.ActiveCfg = Debug|Any CPU
		{895E4A3C-99D4-4E2E-872C-7479140D0CF5}.Debug|Any CPU.Build.0 = Debug|Any CPU
		{895E4A3C-99D4-4E2E-872C-7479140D0CF5}.Release|Any CPU.ActiveCfg = Release|Any CPU
		{895E4A3C-99D4-4E2E-872C-7479140D0CF5}.Release|Any CPU.Build.0 = Release|Any CPU
		{FF79ECB2-9A11-45BA-BE08-E6D4471E7A0F}.Debug|Any CPU.ActiveCfg = Debug|Any CPU
		{FF79ECB2-9A11-45BA-BE08-E6D4471E7A0F}.Debug|Any CPU.Build.0 = Debug|Any CPU
		{FF79ECB2-9A11-45BA-BE08-E6D4471E7A0F}.Release|Any CPU.ActiveCfg = Release|Any CPU
		{FF79ECB2-9A11-45BA-BE08-E6D4471E7A0F}.Release|Any CPU.Build.0 = Release|Any CPU
		{F2986071-08CD-42DE-98FA-57E6FCE729C5}.Debug|Any CPU.ActiveCfg = Debug|Any CPU
		{F2986071-08CD-42DE-98FA-57E6FCE729C5}.Debug|Any CPU.Build.0 = Debug|Any CPU
		{F2986071-08CD-42DE-98FA-57E6FCE729C5}.Release|Any CPU.ActiveCfg = Release|Any CPU
		{F2986071-08CD-42DE-98FA-57E6FCE729C5}.Release|Any CPU.Build.0 = Release|Any CPU
		{E68CF298-B028-4722-BE2D-C7DE3512A01D}.Debug|Any CPU.ActiveCfg = Debug|Any CPU
		{E68CF298-B028-4722-BE2D-C7DE3512A01D}.Debug|Any CPU.Build.0 = Debug|Any CPU
		{E68CF298-B028-4722-BE2D-C7DE3512A01D}.Release|Any CPU.ActiveCfg = Release|Any CPU
		{E68CF298-B028-4722-BE2D-C7DE3512A01D}.Release|Any CPU.Build.0 = Release|Any CPU
		{1EDCBAB3-DA52-40B1-998B-88F878FF2875}.Debug|Any CPU.ActiveCfg = Debug|Any CPU
		{1EDCBAB3-DA52-40B1-998B-88F878FF2875}.Debug|Any CPU.Build.0 = Debug|Any CPU
		{1EDCBAB3-DA52-40B1-998B-88F878FF2875}.Release|Any CPU.ActiveCfg = Release|Any CPU
		{1EDCBAB3-DA52-40B1-998B-88F878FF2875}.Release|Any CPU.Build.0 = Release|Any CPU
		{09E35860-D69E-42A0-AABD-A7431F283C97}.Debug|Any CPU.ActiveCfg = Debug|Any CPU
		{09E35860-D69E-42A0-AABD-A7431F283C97}.Debug|Any CPU.Build.0 = Debug|Any CPU
		{09E35860-D69E-42A0-AABD-A7431F283C97}.Release|Any CPU.ActiveCfg = Release|Any CPU
		{09E35860-D69E-42A0-AABD-A7431F283C97}.Release|Any CPU.Build.0 = Release|Any CPU
		{D4607E8C-A5D2-423A-8C78-56B188C567ED}.Debug|Any CPU.ActiveCfg = Debug|Any CPU
		{D4607E8C-A5D2-423A-8C78-56B188C567ED}.Debug|Any CPU.Build.0 = Debug|Any CPU
		{D4607E8C-A5D2-423A-8C78-56B188C567ED}.Release|Any CPU.ActiveCfg = Release|Any CPU
		{D4607E8C-A5D2-423A-8C78-56B188C567ED}.Release|Any CPU.Build.0 = Release|Any CPU
		{A9148D58-0F0E-43E7-8A11-A9F9BB04333C}.Debug|Any CPU.ActiveCfg = Debug|Any CPU
		{A9148D58-0F0E-43E7-8A11-A9F9BB04333C}.Debug|Any CPU.Build.0 = Debug|Any CPU
		{A9148D58-0F0E-43E7-8A11-A9F9BB04333C}.Release|Any CPU.ActiveCfg = Release|Any CPU
		{A9148D58-0F0E-43E7-8A11-A9F9BB04333C}.Release|Any CPU.Build.0 = Release|Any CPU
	EndGlobalSection
	GlobalSection(SolutionProperties) = preSolution
		HideSolutionNode = FALSE
	EndGlobalSection
	GlobalSection(NestedProjects) = preSolution
		{91481B08-E437-474D-9793-A135F1DB465C} = {326F0792-00AF-4D82-B170-4CE248D4A975}
		{957A9B48-FEFD-4874-8D36-D082EEA7F750} = {56FB2203-E4D8-428D-938B-7251897BE1D0}
		{D4DEADFC-53EA-4477-8798-DA625A98285B} = {C66BF91A-FD6A-4F8E-BAF1-B8E7040D4B1F}
		{CE99B536-50DF-4CC8-A61A-6BE5F525E809} = {9A3EA0C7-2DD3-4A32-ADED-527F45DC0526}
		{8D5FB7D2-8960-4BF7-938E-2EC9584BDEC5} = {CE99B536-50DF-4CC8-A61A-6BE5F525E809}
		{E9AEACB2-D6E8-4F61-AF63-3578F9831594} = {CE99B536-50DF-4CC8-A61A-6BE5F525E809}
		{895E4A3C-99D4-4E2E-872C-7479140D0CF5} = {CE99B536-50DF-4CC8-A61A-6BE5F525E809}
		{FF79ECB2-9A11-45BA-BE08-E6D4471E7A0F} = {CE99B536-50DF-4CC8-A61A-6BE5F525E809}
		{F2986071-08CD-42DE-98FA-57E6FCE729C5} = {CE99B536-50DF-4CC8-A61A-6BE5F525E809}
		{F6D3760D-81CA-4526-9232-BD9FF5237E35} = {9A3EA0C7-2DD3-4A32-ADED-527F45DC0526}
		{E68CF298-B028-4722-BE2D-C7DE3512A01D} = {F6D3760D-81CA-4526-9232-BD9FF5237E35}
		{1EDCBAB3-DA52-40B1-998B-88F878FF2875} = {CE99B536-50DF-4CC8-A61A-6BE5F525E809}
		{09E35860-D69E-42A0-AABD-A7431F283C97} = {456527A3-2BE8-4010-8AC6-187539CE484D}
		{D4607E8C-A5D2-423A-8C78-56B188C567ED} = {326F0792-00AF-4D82-B170-4CE248D4A975}
		{A9148D58-0F0E-43E7-8A11-A9F9BB04333C} = {326F0792-00AF-4D82-B170-4CE248D4A975}
	EndGlobalSection
EndGlobal
